PODS:
  - Alamofire (5.9.0)
  - Keys (1.0.1)

DEPENDENCIES:
  - Alamofire
  - Keys (from `Pods/CocoaPodsKeys`)

SPEC REPOS:
  trunk:
    - Alamofire

EXTERNAL SOURCES:
  Keys:
    :path: Pods/CocoaPodsKeys

SPEC CHECKSUMS:
  Alamofire: 02b772c9910e8eba1a079227c32fbd9e46c90a24
  Keys: a576f4c9c1c641ca913a959a9c62ed3f215a8de9

PODFILE CHECKSUM: 5a367de4f6dc7e3d6f3a2f6f00116c9c4b2ef7aa

COCOAPODS: 1.15.2
