// !$*UTF8*$!
{
	archiveVersion = 1;
	classes = {
	};
	objectVersion = 56;
	objects = {

/* Begin PBXBuildFile section */
		40F04A03BBA9FEB1B96130A6 /* Pods_TheMovieDB.framework in Frameworks */ = {isa = PBXBuildFile; fileRef = 4D502D432B8E44407D48D30B /* Pods_TheMovieDB.framework */; };
		B62E825B2BAD334C00FED650 /* TheMovieDBApp.swift in Sources */ = {isa = PBXBuildFile; fileRef = B62E825A2BAD334C00FED650 /* TheMovieDBApp.swift */; };
		B62E825F2BAD334E00FED650 /* Assets.xcassets in Resources */ = {isa = PBXBuildFile; fileRef = B62E825E2BAD334E00FED650 /* Assets.xcassets */; };
		B62E82632BAD334E00FED650 /* Preview Assets.xcassets in Resources */ = {isa = PBXBuildFile; fileRef = B62E82622BAD334E00FED650 /* Preview Assets.xcassets */; };
		B62E826D2BAD334E00FED650 /* TheMovieDBTests.swift in Sources */ = {isa = PBXBuildFile; fileRef = B62E826C2BAD334E00FED650 /* TheMovieDBTests.swift */; };
		B62E82772BAD334E00FED650 /* TheMovieDBUITests.swift in Sources */ = {isa = PBXBuildFile; fileRef = B62E82762BAD334E00FED650 /* TheMovieDBUITests.swift */; };
		B62E82792BAD334E00FED650 /* TheMovieDBUITestsLaunchTests.swift in Sources */ = {isa = PBXBuildFile; fileRef = B62E82782BAD334E00FED650 /* TheMovieDBUITestsLaunchTests.swift */; };
		B62E82A92BAD34E300FED650 /* NetworkCore.framework in Frameworks */ = {isa = PBXBuildFile; fileRef = B62E82A82BAD34E300FED650 /* NetworkCore.framework */; };
		B62E82AA2BAD34E300FED650 /* NetworkCore.framework in Embed Frameworks */ = {isa = PBXBuildFile; fileRef = B62E82A82BAD34E300FED650 /* NetworkCore.framework */; settings = {ATTRIBUTES = (CodeSignOnCopy, RemoveHeadersOnCopy, ); }; };
		B62E83572BAD36F800FED650 /* Analytics.framework in Frameworks */ = {isa = PBXBuildFile; fileRef = B62E83562BAD36F800FED650 /* Analytics.framework */; };
		B62E83582BAD36F800FED650 /* Analytics.framework in Embed Frameworks */ = {isa = PBXBuildFile; fileRef = B62E83562BAD36F800FED650 /* Analytics.framework */; settings = {ATTRIBUTES = (CodeSignOnCopy, RemoveHeadersOnCopy, ); }; };
		B62E835A2BAD36FC00FED650 /* CoreDataSource.framework in Frameworks */ = {isa = PBXBuildFile; fileRef = B62E83592BAD36FC00FED650 /* CoreDataSource.framework */; };
		B62E835B2BAD36FC00FED650 /* CoreDataSource.framework in Embed Frameworks */ = {isa = PBXBuildFile; fileRef = B62E83592BAD36FC00FED650 /* CoreDataSource.framework */; settings = {ATTRIBUTES = (CodeSignOnCopy, RemoveHeadersOnCopy, ); }; };
		B62E835D2BAD370200FED650 /* CoreEntities.framework in Frameworks */ = {isa = PBXBuildFile; fileRef = B62E835C2BAD370200FED650 /* CoreEntities.framework */; };
		B62E835E2BAD370200FED650 /* CoreEntities.framework in Embed Frameworks */ = {isa = PBXBuildFile; fileRef = B62E835C2BAD370200FED650 /* CoreEntities.framework */; settings = {ATTRIBUTES = (CodeSignOnCopy, RemoveHeadersOnCopy, ); }; };
		B62E83602BAD370700FED650 /* Analytics.framework in Frameworks */ = {isa = PBXBuildFile; fileRef = B62E835F2BAD370700FED650 /* Analytics.framework */; };
		B62E83612BAD370700FED650 /* Analytics.framework in Embed Frameworks */ = {isa = PBXBuildFile; fileRef = B62E835F2BAD370700FED650 /* Analytics.framework */; settings = {ATTRIBUTES = (CodeSignOnCopy, RemoveHeadersOnCopy, ); }; };
		B62E83632BAD370D00FED650 /* CoreUseCases.framework in Frameworks */ = {isa = PBXBuildFile; fileRef = B62E83622BAD370D00FED650 /* CoreUseCases.framework */; };
		B62E83642BAD370D00FED650 /* CoreUseCases.framework in Embed Frameworks */ = {isa = PBXBuildFile; fileRef = B62E83622BAD370D00FED650 /* CoreUseCases.framework */; settings = {ATTRIBUTES = (CodeSignOnCopy, RemoveHeadersOnCopy, ); }; };
		B62E83662BAD371300FED650 /* UI.framework in Frameworks */ = {isa = PBXBuildFile; fileRef = B62E83652BAD371300FED650 /* UI.framework */; };
		B62E83672BAD371300FED650 /* UI.framework in Embed Frameworks */ = {isa = PBXBuildFile; fileRef = B62E83652BAD371300FED650 /* UI.framework */; settings = {ATTRIBUTES = (CodeSignOnCopy, RemoveHeadersOnCopy, ); }; };
		B68F49AC2BAF5339002655DD /* APIConfig.swift in Sources */ = {isa = PBXBuildFile; fileRef = B68F49AB2BAF5339002655DD /* APIConfig.swift */; };
		B68F49AE2BAF5364002655DD /* APIBundle.swift in Sources */ = {isa = PBXBuildFile; fileRef = B68F49AD2BAF5364002655DD /* APIBundle.swift */; };
		B68F49B22BAF542D002655DD /* APICore.framework in Frameworks */ = {isa = PBXBuildFile; fileRef = B68F49B12BAF542D002655DD /* APICore.framework */; };
		B68F49B32BAF542D002655DD /* APICore.framework in Embed Frameworks */ = {isa = PBXBuildFile; fileRef = B68F49B12BAF542D002655DD /* APICore.framework */; settings = {ATTRIBUTES = (CodeSignOnCopy, RemoveHeadersOnCopy, ); }; };
		B69E00742BB1138A0035179E /* HomeDependenciesFactory.swift in Sources */ = {isa = PBXBuildFile; fileRef = B69E00732BB1138A0035179E /* HomeDependenciesFactory.swift */; };
		B69E00782BB115CC0035179E /* HomeFactory.swift in Sources */ = {isa = PBXBuildFile; fileRef = B69E00772BB115CC0035179E /* HomeFactory.swift */; };
		B69E007A2BB11A6B0035179E /* HomeDependencies.swift in Sources */ = {isa = PBXBuildFile; fileRef = B69E00792BB11A6B0035179E /* HomeDependencies.swift */; };
		B6DD1B3F2BAF8694002381FD /* Nuke in Frameworks */ = {isa = PBXBuildFile; productRef = B6DD1B3E2BAF8694002381FD /* Nuke */; };
		B6DD1B412BAF8694002381FD /* NukeExtensions in Frameworks */ = {isa = PBXBuildFile; productRef = B6DD1B402BAF8694002381FD /* NukeExtensions */; };
		B6DD1B432BAF8694002381FD /* NukeUI in Frameworks */ = {isa = PBXBuildFile; productRef = B6DD1B422BAF8694002381FD /* NukeUI */; };
		B6DD1B7D2BAF9FF9002381FD /* Features.framework in Frameworks */ = {isa = PBXBuildFile; fileRef = B6DD1B7C2BAF9FF9002381FD /* Features.framework */; };
		B6DD1B7E2BAF9FF9002381FD /* Features.framework in Embed Frameworks */ = {isa = PBXBuildFile; fileRef = B6DD1B7C2BAF9FF9002381FD /* Features.framework */; settings = {ATTRIBUTES = (CodeSignOnCopy, RemoveHeadersOnCopy, ); }; };
/* End PBXBuildFile section */

/* Begin PBXContainerItemProxy section */
		B62E82692BAD334E00FED650 /* PBXContainerItemProxy */ = {
			isa = PBXContainerItemProxy;
			containerPortal = B62E824F2BAD334C00FED650 /* Project object */;
			proxyType = 1;
			remoteGlobalIDString = B62E82562BAD334C00FED650;
			remoteInfo = TheMovieDB;
		};
		B62E82732BAD334E00FED650 /* PBXContainerItemProxy */ = {
			isa = PBXContainerItemProxy;
			containerPortal = B62E824F2BAD334C00FED650 /* Project object */;
			proxyType = 1;
			remoteGlobalIDString = B62E82562BAD334C00FED650;
			remoteInfo = TheMovieDB;
		};
/* End PBXContainerItemProxy section */

/* Begin PBXCopyFilesBuildPhase section */
		B62E82AB2BAD34E300FED650 /* Embed Frameworks */ = {
			isa = PBXCopyFilesBuildPhase;
			buildActionMask = 2147483647;
			dstPath = "";
			dstSubfolderSpec = 10;
			files = (
				B68F49B32BAF542D002655DD /* APICore.framework in Embed Frameworks */,
				B62E83612BAD370700FED650 /* Analytics.framework in Embed Frameworks */,
				B6DD1B7E2BAF9FF9002381FD /* Features.framework in Embed Frameworks */,
				B62E835E2BAD370200FED650 /* CoreEntities.framework in Embed Frameworks */,
				B62E82AA2BAD34E300FED650 /* NetworkCore.framework in Embed Frameworks */,
				B62E83642BAD370D00FED650 /* CoreUseCases.framework in Embed Frameworks */,
				B62E835B2BAD36FC00FED650 /* CoreDataSource.framework in Embed Frameworks */,
				B62E83582BAD36F800FED650 /* Analytics.framework in Embed Frameworks */,
				B62E83672BAD371300FED650 /* UI.framework in Embed Frameworks */,
			);
			name = "Embed Frameworks";
			runOnlyForDeploymentPostprocessing = 0;
		};
/* End PBXCopyFilesBuildPhase section */

/* Begin PBXFileReference section */
		2E99B33B876C8CA602E1D6CB /* Pods-TheMovieDB.debug.xcconfig */ = {isa = PBXFileReference; includeInIndex = 1; lastKnownFileType = text.xcconfig; name = "Pods-TheMovieDB.debug.xcconfig"; path = "Target Support Files/Pods-TheMovieDB/Pods-TheMovieDB.debug.xcconfig"; sourceTree = "<group>"; };
		4D502D432B8E44407D48D30B /* Pods_TheMovieDB.framework */ = {isa = PBXFileReference; explicitFileType = wrapper.framework; includeInIndex = 0; path = Pods_TheMovieDB.framework; sourceTree = BUILT_PRODUCTS_DIR; };
		9DB4C88D153DFDE919C6CC4E /* Pods-TheMovieDB.release.xcconfig */ = {isa = PBXFileReference; includeInIndex = 1; lastKnownFileType = text.xcconfig; name = "Pods-TheMovieDB.release.xcconfig"; path = "Target Support Files/Pods-TheMovieDB/Pods-TheMovieDB.release.xcconfig"; sourceTree = "<group>"; };
		B62E82572BAD334C00FED650 /* TheMovieDB.app */ = {isa = PBXFileReference; explicitFileType = wrapper.application; includeInIndex = 0; path = TheMovieDB.app; sourceTree = BUILT_PRODUCTS_DIR; };
		B62E825A2BAD334C00FED650 /* TheMovieDBApp.swift */ = {isa = PBXFileReference; lastKnownFileType = sourcecode.swift; path = TheMovieDBApp.swift; sourceTree = "<group>"; };
		B62E825E2BAD334E00FED650 /* Assets.xcassets */ = {isa = PBXFileReference; lastKnownFileType = folder.assetcatalog; path = Assets.xcassets; sourceTree = "<group>"; };
		B62E82602BAD334E00FED650 /* TheMovieDB.entitlements */ = {isa = PBXFileReference; lastKnownFileType = text.plist.entitlements; path = TheMovieDB.entitlements; sourceTree = "<group>"; };
		B62E82622BAD334E00FED650 /* Preview Assets.xcassets */ = {isa = PBXFileReference; lastKnownFileType = folder.assetcatalog; path = "Preview Assets.xcassets"; sourceTree = "<group>"; };
		B62E82682BAD334E00FED650 /* TheMovieDBTests.xctest */ = {isa = PBXFileReference; explicitFileType = wrapper.cfbundle; includeInIndex = 0; path = TheMovieDBTests.xctest; sourceTree = BUILT_PRODUCTS_DIR; };
		B62E826C2BAD334E00FED650 /* TheMovieDBTests.swift */ = {isa = PBXFileReference; lastKnownFileType = sourcecode.swift; path = TheMovieDBTests.swift; sourceTree = "<group>"; };
		B62E82722BAD334E00FED650 /* TheMovieDBUITests.xctest */ = {isa = PBXFileReference; explicitFileType = wrapper.cfbundle; includeInIndex = 0; path = TheMovieDBUITests.xctest; sourceTree = BUILT_PRODUCTS_DIR; };
		B62E82762BAD334E00FED650 /* TheMovieDBUITests.swift */ = {isa = PBXFileReference; lastKnownFileType = sourcecode.swift; path = TheMovieDBUITests.swift; sourceTree = "<group>"; };
		B62E82782BAD334E00FED650 /* TheMovieDBUITestsLaunchTests.swift */ = {isa = PBXFileReference; lastKnownFileType = sourcecode.swift; path = TheMovieDBUITestsLaunchTests.swift; sourceTree = "<group>"; };
		B62E82A82BAD34E300FED650 /* NetworkCore.framework */ = {isa = PBXFileReference; explicitFileType = wrapper.framework; path = NetworkCore.framework; sourceTree = BUILT_PRODUCTS_DIR; };
		B62E83562BAD36F800FED650 /* Analytics.framework */ = {isa = PBXFileReference; explicitFileType = wrapper.framework; path = Analytics.framework; sourceTree = BUILT_PRODUCTS_DIR; };
		B62E83592BAD36FC00FED650 /* CoreDataSource.framework */ = {isa = PBXFileReference; explicitFileType = wrapper.framework; path = CoreDataSource.framework; sourceTree = BUILT_PRODUCTS_DIR; };
		B62E835C2BAD370200FED650 /* CoreEntities.framework */ = {isa = PBXFileReference; explicitFileType = wrapper.framework; path = CoreEntities.framework; sourceTree = BUILT_PRODUCTS_DIR; };
		B62E835F2BAD370700FED650 /* Analytics.framework */ = {isa = PBXFileReference; explicitFileType = wrapper.framework; path = Analytics.framework; sourceTree = BUILT_PRODUCTS_DIR; };
		B62E83622BAD370D00FED650 /* CoreUseCases.framework */ = {isa = PBXFileReference; explicitFileType = wrapper.framework; path = CoreUseCases.framework; sourceTree = BUILT_PRODUCTS_DIR; };
		B62E83652BAD371300FED650 /* UI.framework */ = {isa = PBXFileReference; explicitFileType = wrapper.framework; path = UI.framework; sourceTree = BUILT_PRODUCTS_DIR; };
		B68F49AB2BAF5339002655DD /* APIConfig.swift */ = {isa = PBXFileReference; lastKnownFileType = sourcecode.swift; path = APIConfig.swift; sourceTree = "<group>"; };
		B68F49AD2BAF5364002655DD /* APIBundle.swift */ = {isa = PBXFileReference; lastKnownFileType = sourcecode.swift; path = APIBundle.swift; sourceTree = "<group>"; };
		B68F49B12BAF542D002655DD /* APICore.framework */ = {isa = PBXFileReference; explicitFileType = wrapper.framework; path = APICore.framework; sourceTree = BUILT_PRODUCTS_DIR; };
		B69E00732BB1138A0035179E /* HomeDependenciesFactory.swift */ = {isa = PBXFileReference; lastKnownFileType = sourcecode.swift; path = HomeDependenciesFactory.swift; sourceTree = "<group>"; };
		B69E00772BB115CC0035179E /* HomeFactory.swift */ = {isa = PBXFileReference; lastKnownFileType = sourcecode.swift; path = HomeFactory.swift; sourceTree = "<group>"; };
		B69E00792BB11A6B0035179E /* HomeDependencies.swift */ = {isa = PBXFileReference; lastKnownFileType = sourcecode.swift; path = HomeDependencies.swift; sourceTree = "<group>"; };
		B6DD1B7C2BAF9FF9002381FD /* Features.framework */ = {isa = PBXFileReference; explicitFileType = wrapper.framework; path = Features.framework; sourceTree = BUILT_PRODUCTS_DIR; };
/* End PBXFileReference section */

/* Begin PBXFrameworksBuildPhase section */
		B62E82542BAD334C00FED650 /* Frameworks */ = {
			isa = PBXFrameworksBuildPhase;
			buildActionMask = 2147483647;
			files = (
				B62E83602BAD370700FED650 /* Analytics.framework in Frameworks */,
				B6DD1B7D2BAF9FF9002381FD /* Features.framework in Frameworks */,
				B62E835D2BAD370200FED650 /* CoreEntities.framework in Frameworks */,
				B62E82A92BAD34E300FED650 /* NetworkCore.framework in Frameworks */,
				B6DD1B432BAF8694002381FD /* NukeUI in Frameworks */,
				B6DD1B412BAF8694002381FD /* NukeExtensions in Frameworks */,
				B62E83632BAD370D00FED650 /* CoreUseCases.framework in Frameworks */,
				B62E835A2BAD36FC00FED650 /* CoreDataSource.framework in Frameworks */,
				B62E83572BAD36F800FED650 /* Analytics.framework in Frameworks */,
				B62E83662BAD371300FED650 /* UI.framework in Frameworks */,
				B68F49B22BAF542D002655DD /* APICore.framework in Frameworks */,
				40F04A03BBA9FEB1B96130A6 /* Pods_TheMovieDB.framework in Frameworks */,
				B6DD1B3F2BAF8694002381FD /* Nuke in Frameworks */,
			);
			runOnlyForDeploymentPostprocessing = 0;
		};
		B62E82652BAD334E00FED650 /* Frameworks */ = {
			isa = PBXFrameworksBuildPhase;
			buildActionMask = 2147483647;
			files = (
			);
			runOnlyForDeploymentPostprocessing = 0;
		};
		B62E826F2BAD334E00FED650 /* Frameworks */ = {
			isa = PBXFrameworksBuildPhase;
			buildActionMask = 2147483647;
			files = (
			);
			runOnlyForDeploymentPostprocessing = 0;
		};
/* End PBXFrameworksBuildPhase section */

/* Begin PBXGroup section */
		B62E824E2BAD334C00FED650 = {
			isa = PBXGroup;
			children = (
				B62E82592BAD334C00FED650 /* TheMovieDB */,
				B62E826B2BAD334E00FED650 /* TheMovieDBTests */,
				B62E82752BAD334E00FED650 /* TheMovieDBUITests */,
				B62E82582BAD334C00FED650 /* Products */,
				B62E82A72BAD34E300FED650 /* Frameworks */,
				F0C54857A2FB381BE600F7FB /* Pods */,
			);
			sourceTree = "<group>";
		};
		B62E82582BAD334C00FED650 /* Products */ = {
			isa = PBXGroup;
			children = (
				B62E82572BAD334C00FED650 /* TheMovieDB.app */,
				B62E82682BAD334E00FED650 /* TheMovieDBTests.xctest */,
				B62E82722BAD334E00FED650 /* TheMovieDBUITests.xctest */,
			);
			name = Products;
			sourceTree = "<group>";
		};
		B62E82592BAD334C00FED650 /* TheMovieDB */ = {
			isa = PBXGroup;
			children = (
				B69E00722BB1134F0035179E /* Home */,
				B68F49AA2BAF532F002655DD /* Config */,
				B62E825A2BAD334C00FED650 /* TheMovieDBApp.swift */,
				B62E825E2BAD334E00FED650 /* Assets.xcassets */,
				B62E82602BAD334E00FED650 /* TheMovieDB.entitlements */,
				B62E82612BAD334E00FED650 /* Preview Content */,
			);
			path = TheMovieDB;
			sourceTree = "<group>";
		};
		B62E82612BAD334E00FED650 /* Preview Content */ = {
			isa = PBXGroup;
			children = (
				B62E82622BAD334E00FED650 /* Preview Assets.xcassets */,
			);
			path = "Preview Content";
			sourceTree = "<group>";
		};
		B62E826B2BAD334E00FED650 /* TheMovieDBTests */ = {
			isa = PBXGroup;
			children = (
				B62E826C2BAD334E00FED650 /* TheMovieDBTests.swift */,
			);
			path = TheMovieDBTests;
			sourceTree = "<group>";
		};
		B62E82752BAD334E00FED650 /* TheMovieDBUITests */ = {
			isa = PBXGroup;
			children = (
				B62E82762BAD334E00FED650 /* TheMovieDBUITests.swift */,
				B62E82782BAD334E00FED650 /* TheMovieDBUITestsLaunchTests.swift */,
			);
			path = TheMovieDBUITests;
			sourceTree = "<group>";
		};
		B62E82A72BAD34E300FED650 /* Frameworks */ = {
			isa = PBXGroup;
			children = (
				B6DD1B7C2BAF9FF9002381FD /* Features.framework */,
				B68F49B12BAF542D002655DD /* APICore.framework */,
				B62E83652BAD371300FED650 /* UI.framework */,
				B62E83622BAD370D00FED650 /* CoreUseCases.framework */,
				B62E835F2BAD370700FED650 /* Analytics.framework */,
				B62E835C2BAD370200FED650 /* CoreEntities.framework */,
				B62E83592BAD36FC00FED650 /* CoreDataSource.framework */,
				B62E83562BAD36F800FED650 /* Analytics.framework */,
				B62E82A82BAD34E300FED650 /* NetworkCore.framework */,
				4D502D432B8E44407D48D30B /* Pods_TheMovieDB.framework */,
			);
			name = Frameworks;
			sourceTree = "<group>";
		};
		B68F49AA2BAF532F002655DD /* Config */ = {
			isa = PBXGroup;
			children = (
				B68F49AB2BAF5339002655DD /* APIConfig.swift */,
				B68F49AD2BAF5364002655DD /* APIBundle.swift */,
			);
			path = Config;
			sourceTree = "<group>";
		};
		B69E00722BB1134F0035179E /* Home */ = {
			isa = PBXGroup;
			children = (
				B69E00732BB1138A0035179E /* HomeDependenciesFactory.swift */,
				B69E00772BB115CC0035179E /* HomeFactory.swift */,
				B69E00792BB11A6B0035179E /* HomeDependencies.swift */,
			);
			path = Home;
			sourceTree = "<group>";
		};
		F0C54857A2FB381BE600F7FB /* Pods */ = {
			isa = PBXGroup;
			children = (
				2E99B33B876C8CA602E1D6CB /* Pods-TheMovieDB.debug.xcconfig */,
				9DB4C88D153DFDE919C6CC4E /* Pods-TheMovieDB.release.xcconfig */,
			);
			name = Pods;
			path = ../../Pods;
			sourceTree = "<group>";
		};
/* End PBXGroup section */

/* Begin PBXNativeTarget section */
		B62E82562BAD334C00FED650 /* TheMovieDB */ = {
			isa = PBXNativeTarget;
			buildConfigurationList = B62E827C2BAD334E00FED650 /* Build configuration list for PBXNativeTarget "TheMovieDB" */;
			buildPhases = (
				64BD89E936404D6AE263CCCA /* [CP] Check Pods Manifest.lock */,
				B62E82532BAD334C00FED650 /* Sources */,
				B62E82542BAD334C00FED650 /* Frameworks */,
				B62E82552BAD334C00FED650 /* Resources */,
				B62E82AB2BAD34E300FED650 /* Embed Frameworks */,
				CBE618C09606826DC1018BDF /* [CP] Embed Pods Frameworks */,
			);
			buildRules = (
			);
			dependencies = (
			);
			name = TheMovieDB;
			packageProductDependencies = (
				B6DD1B3E2BAF8694002381FD /* Nuke */,
				B6DD1B402BAF8694002381FD /* NukeExtensions */,
				B6DD1B422BAF8694002381FD /* NukeUI */,
			);
			productName = TheMovieDB;
			productReference = B62E82572BAD334C00FED650 /* TheMovieDB.app */;
			productType = "com.apple.product-type.application";
		};
		B62E82672BAD334E00FED650 /* TheMovieDBTests */ = {
			isa = PBXNativeTarget;
			buildConfigurationList = B62E827F2BAD334E00FED650 /* Build configuration list for PBXNativeTarget "TheMovieDBTests" */;
			buildPhases = (
				B62E82642BAD334E00FED650 /* Sources */,
				B62E82652BAD334E00FED650 /* Frameworks */,
				B62E82662BAD334E00FED650 /* Resources */,
			);
			buildRules = (
			);
			dependencies = (
				B62E826A2BAD334E00FED650 /* PBXTargetDependency */,
			);
			name = TheMovieDBTests;
			productName = TheMovieDBTests;
			productReference = B62E82682BAD334E00FED650 /* TheMovieDBTests.xctest */;
			productType = "com.apple.product-type.bundle.unit-test";
		};
		B62E82712BAD334E00FED650 /* TheMovieDBUITests */ = {
			isa = PBXNativeTarget;
			buildConfigurationList = B62E82822BAD334E00FED650 /* Build configuration list for PBXNativeTarget "TheMovieDBUITests" */;
			buildPhases = (
				B62E826E2BAD334E00FED650 /* Sources */,
				B62E826F2BAD334E00FED650 /* Frameworks */,
				B62E82702BAD334E00FED650 /* Resources */,
			);
			buildRules = (
			);
			dependencies = (
				B62E82742BAD334E00FED650 /* PBXTargetDependency */,
			);
			name = TheMovieDBUITests;
			productName = TheMovieDBUITests;
			productReference = B62E82722BAD334E00FED650 /* TheMovieDBUITests.xctest */;
			productType = "com.apple.product-type.bundle.ui-testing";
		};
/* End PBXNativeTarget section */

/* Begin PBXProject section */
		B62E824F2BAD334C00FED650 /* Project object */ = {
			isa = PBXProject;
			attributes = {
				BuildIndependentTargetsInParallel = 1;
				LastSwiftUpdateCheck = 1520;
				LastUpgradeCheck = 1520;
				TargetAttributes = {
					B62E82562BAD334C00FED650 = {
						CreatedOnToolsVersion = 15.2;
					};
					B62E82672BAD334E00FED650 = {
						CreatedOnToolsVersion = 15.2;
						TestTargetID = B62E82562BAD334C00FED650;
					};
					B62E82712BAD334E00FED650 = {
						CreatedOnToolsVersion = 15.2;
						TestTargetID = B62E82562BAD334C00FED650;
					};
				};
			};
			buildConfigurationList = B62E82522BAD334C00FED650 /* Build configuration list for PBXProject "TheMovieDB" */;
			compatibilityVersion = "Xcode 14.0";
			developmentRegion = en;
			hasScannedForEncodings = 0;
			knownRegions = (
				en,
				Base,
			);
			mainGroup = B62E824E2BAD334C00FED650;
			packageReferences = (
				B6DD1B3D2BAF8694002381FD /* XCRemoteSwiftPackageReference "Nuke" */,
			);
			productRefGroup = B62E82582BAD334C00FED650 /* Products */;
			projectDirPath = "";
			projectRoot = "";
			targets = (
				B62E82562BAD334C00FED650 /* TheMovieDB */,
				B62E82672BAD334E00FED650 /* TheMovieDBTests */,
				B62E82712BAD334E00FED650 /* TheMovieDBUITests */,
			);
		};
/* End PBXProject section */

/* Begin PBXResourcesBuildPhase section */
		B62E82552BAD334C00FED650 /* Resources */ = {
			isa = PBXResourcesBuildPhase;
			buildActionMask = 2147483647;
			files = (
				B62E82632BAD334E00FED650 /* Preview Assets.xcassets in Resources */,
				B62E825F2BAD334E00FED650 /* Assets.xcassets in Resources */,
			);
			runOnlyForDeploymentPostprocessing = 0;
		};
		B62E82662BAD334E00FED650 /* Resources */ = {
			isa = PBXResourcesBuildPhase;
			buildActionMask = 2147483647;
			files = (
			);
			runOnlyForDeploymentPostprocessing = 0;
		};
		B62E82702BAD334E00FED650 /* Resources */ = {
			isa = PBXResourcesBuildPhase;
			buildActionMask = 2147483647;
			files = (
			);
			runOnlyForDeploymentPostprocessing = 0;
		};
/* End PBXResourcesBuildPhase section */

/* Begin PBXShellScriptBuildPhase section */
		64BD89E936404D6AE263CCCA /* [CP] Check Pods Manifest.lock */ = {
			isa = PBXShellScriptBuildPhase;
			buildActionMask = 2147483647;
			files = (
			);
			inputFileListPaths = (
			);
			inputPaths = (
				"${PODS_PODFILE_DIR_PATH}/Podfile.lock",
				"${PODS_ROOT}/Manifest.lock",
			);
			name = "[CP] Check Pods Manifest.lock";
			outputFileListPaths = (
			);
			outputPaths = (
				"$(DERIVED_FILE_DIR)/Pods-TheMovieDB-checkManifestLockResult.txt",
			);
			runOnlyForDeploymentPostprocessing = 0;
			shellPath = /bin/sh;
			shellScript = "diff \"${PODS_PODFILE_DIR_PATH}/Podfile.lock\" \"${PODS_ROOT}/Manifest.lock\" > /dev/null\nif [ $? != 0 ] ; then\n    # print error to STDERR\n    echo \"error: The sandbox is not in sync with the Podfile.lock. Run 'pod install' or update your CocoaPods installation.\" >&2\n    exit 1\nfi\n# This output is used by Xcode 'outputs' to avoid re-running this script phase.\necho \"SUCCESS\" > \"${SCRIPT_OUTPUT_FILE_0}\"\n";
			showEnvVarsInLog = 0;
		};
		CBE618C09606826DC1018BDF /* [CP] Embed Pods Frameworks */ = {
			isa = PBXShellScriptBuildPhase;
			buildActionMask = 2147483647;
			files = (
			);
			inputFileListPaths = (
				"${PODS_ROOT}/Target Support Files/Pods-TheMovieDB/Pods-TheMovieDB-frameworks-${CONFIGURATION}-input-files.xcfilelist",
			);
			name = "[CP] Embed Pods Frameworks";
			outputFileListPaths = (
				"${PODS_ROOT}/Target Support Files/Pods-TheMovieDB/Pods-TheMovieDB-frameworks-${CONFIGURATION}-output-files.xcfilelist",
			);
			runOnlyForDeploymentPostprocessing = 0;
			shellPath = /bin/sh;
			shellScript = "\"${PODS_ROOT}/Target Support Files/Pods-TheMovieDB/Pods-TheMovieDB-frameworks.sh\"\n";
			showEnvVarsInLog = 0;
		};
/* End PBXShellScriptBuildPhase section */

/* Begin PBXSourcesBuildPhase section */
		B62E82532BAD334C00FED650 /* Sources */ = {
			isa = PBXSourcesBuildPhase;
			buildActionMask = 2147483647;
			files = (
				B62E825B2BAD334C00FED650 /* TheMovieDBApp.swift in Sources */,
				B69E007A2BB11A6B0035179E /* HomeDependencies.swift in Sources */,
				B69E00782BB115CC0035179E /* HomeFactory.swift in Sources */,
				B69E00742BB1138A0035179E /* HomeDependenciesFactory.swift in Sources */,
				B68F49AE2BAF5364002655DD /* APIBundle.swift in Sources */,
				B68F49AC2BAF5339002655DD /* APIConfig.swift in Sources */,
			);
			runOnlyForDeploymentPostprocessing = 0;
		};
		B62E82642BAD334E00FED650 /* Sources */ = {
			isa = PBXSourcesBuildPhase;
			buildActionMask = 2147483647;
			files = (
				B62E826D2BAD334E00FED650 /* TheMovieDBTests.swift in Sources */,
			);
			runOnlyForDeploymentPostprocessing = 0;
		};
		B62E826E2BAD334E00FED650 /* Sources */ = {
			isa = PBXSourcesBuildPhase;
			buildActionMask = 2147483647;
			files = (
				B62E82772BAD334E00FED650 /* TheMovieDBUITests.swift in Sources */,
				B62E82792BAD334E00FED650 /* TheMovieDBUITestsLaunchTests.swift in Sources */,
			);
			runOnlyForDeploymentPostprocessing = 0;
		};
/* End PBXSourcesBuildPhase section */

/* Begin PBXTargetDependency section */
		B62E826A2BAD334E00FED650 /* PBXTargetDependency */ = {
			isa = PBXTargetDependency;
			target = B62E82562BAD334C00FED650 /* TheMovieDB */;
			targetProxy = B62E82692BAD334E00FED650 /* PBXContainerItemProxy */;
		};
		B62E82742BAD334E00FED650 /* PBXTargetDependency */ = {
			isa = PBXTargetDependency;
			target = B62E82562BAD334C00FED650 /* TheMovieDB */;
			targetProxy = B62E82732BAD334E00FED650 /* PBXContainerItemProxy */;
		};
/* End PBXTargetDependency section */

/* Begin XCBuildConfiguration section */
		B62E827A2BAD334E00FED650 /* Debug */ = {
			isa = XCBuildConfiguration;
			buildSettings = {
				ALWAYS_SEARCH_USER_PATHS = NO;
				ASSETCATALOG_COMPILER_GENERATE_SWIFT_ASSET_SYMBOL_EXTENSIONS = YES;
				CLANG_ANALYZER_NONNULL = YES;
				CLANG_ANALYZER_NUMBER_OBJECT_CONVERSION = YES_AGGRESSIVE;
				CLANG_CXX_LANGUAGE_STANDARD = "gnu++20";
				CLANG_ENABLE_MODULES = YES;
				CLANG_ENABLE_OBJC_ARC = YES;
				CLANG_ENABLE_OBJC_WEAK = YES;
				CLANG_WARN_BLOCK_CAPTURE_AUTORELEASING = YES;
				CLANG_WARN_BOOL_CONVERSION = YES;
				CLANG_WARN_COMMA = YES;
				CLANG_WARN_CONSTANT_CONVERSION = YES;
				CLANG_WARN_DEPRECATED_OBJC_IMPLEMENTATIONS = YES;
				CLANG_WARN_DIRECT_OBJC_ISA_USAGE = YES_ERROR;
				CLANG_WARN_DOCUMENTATION_COMMENTS = YES;
				CLANG_WARN_EMPTY_BODY = YES;
				CLANG_WARN_ENUM_CONVERSION = YES;
				CLANG_WARN_INFINITE_RECURSION = YES;
				CLANG_WARN_INT_CONVERSION = YES;
				CLANG_WARN_NON_LITERAL_NULL_CONVERSION = YES;
				CLANG_WARN_OBJC_IMPLICIT_RETAIN_SELF = YES;
				CLANG_WARN_OBJC_LITERAL_CONVERSION = YES;
				CLANG_WARN_OBJC_ROOT_CLASS = YES_ERROR;
				CLANG_WARN_QUOTED_INCLUDE_IN_FRAMEWORK_HEADER = YES;
				CLANG_WARN_RANGE_LOOP_ANALYSIS = YES;
				CLANG_WARN_STRICT_PROTOTYPES = YES;
				CLANG_WARN_SUSPICIOUS_MOVE = YES;
				CLANG_WARN_UNGUARDED_AVAILABILITY = YES_AGGRESSIVE;
				CLANG_WARN_UNREACHABLE_CODE = YES;
				CLANG_WARN__DUPLICATE_METHOD_MATCH = YES;
				COPY_PHASE_STRIP = NO;
				DEBUG_INFORMATION_FORMAT = dwarf;
				ENABLE_STRICT_OBJC_MSGSEND = YES;
				ENABLE_TESTABILITY = YES;
				ENABLE_USER_SCRIPT_SANDBOXING = YES;
				GCC_C_LANGUAGE_STANDARD = gnu17;
				GCC_DYNAMIC_NO_PIC = NO;
				GCC_NO_COMMON_BLOCKS = YES;
				GCC_OPTIMIZATION_LEVEL = 0;
				GCC_PREPROCESSOR_DEFINITIONS = (
					"DEBUG=1",
					"$(inherited)",
				);
				GCC_WARN_64_TO_32_BIT_CONVERSION = YES;
				GCC_WARN_ABOUT_RETURN_TYPE = YES_ERROR;
				GCC_WARN_UNDECLARED_SELECTOR = YES;
				GCC_WARN_UNINITIALIZED_AUTOS = YES_AGGRESSIVE;
				GCC_WARN_UNUSED_FUNCTION = YES;
				GCC_WARN_UNUSED_VARIABLE = YES;
				LOCALIZATION_PREFERS_STRING_CATALOGS = YES;
				MTL_ENABLE_DEBUG_INFO = INCLUDE_SOURCE;
				MTL_FAST_MATH = YES;
				ONLY_ACTIVE_ARCH = YES;
				SWIFT_ACTIVE_COMPILATION_CONDITIONS = "DEBUG $(inherited)";
				SWIFT_OPTIMIZATION_LEVEL = "-Onone";
			};
			name = Debug;
		};
		B62E827B2BAD334E00FED650 /* Release */ = {
			isa = XCBuildConfiguration;
			buildSettings = {
				ALWAYS_SEARCH_USER_PATHS = NO;
				ASSETCATALOG_COMPILER_GENERATE_SWIFT_ASSET_SYMBOL_EXTENSIONS = YES;
				CLANG_ANALYZER_NONNULL = YES;
				CLANG_ANALYZER_NUMBER_OBJECT_CONVERSION = YES_AGGRESSIVE;
				CLANG_CXX_LANGUAGE_STANDARD = "gnu++20";
				CLANG_ENABLE_MODULES = YES;
				CLANG_ENABLE_OBJC_ARC = YES;
				CLANG_ENABLE_OBJC_WEAK = YES;
				CLANG_WARN_BLOCK_CAPTURE_AUTORELEASING = YES;
				CLANG_WARN_BOOL_CONVERSION = YES;
				CLANG_WARN_COMMA = YES;
				CLANG_WARN_CONSTANT_CONVERSION = YES;
				CLANG_WARN_DEPRECATED_OBJC_IMPLEMENTATIONS = YES;
				CLANG_WARN_DIRECT_OBJC_ISA_USAGE = YES_ERROR;
				CLANG_WARN_DOCUMENTATION_COMMENTS = YES;
				CLANG_WARN_EMPTY_BODY = YES;
				CLANG_WARN_ENUM_CONVERSION = YES;
				CLANG_WARN_INFINITE_RECURSION = YES;
				CLANG_WARN_INT_CONVERSION = YES;
				CLANG_WARN_NON_LITERAL_NULL_CONVERSION = YES;
				CLANG_WARN_OBJC_IMPLICIT_RETAIN_SELF = YES;
				CLANG_WARN_OBJC_LITERAL_CONVERSION = YES;
				CLANG_WARN_OBJC_ROOT_CLASS = YES_ERROR;
				CLANG_WARN_QUOTED_INCLUDE_IN_FRAMEWORK_HEADER = YES;
				CLANG_WARN_RANGE_LOOP_ANALYSIS = YES;
				CLANG_WARN_STRICT_PROTOTYPES = YES;
				CLANG_WARN_SUSPICIOUS_MOVE = YES;
				CLANG_WARN_UNGUARDED_AVAILABILITY = YES_AGGRESSIVE;
				CLANG_WARN_UNREACHABLE_CODE = YES;
				CLANG_WARN__DUPLICATE_METHOD_MATCH = YES;
				COPY_PHASE_STRIP = NO;
				DEBUG_INFORMATION_FORMAT = "dwarf-with-dsym";
				ENABLE_NS_ASSERTIONS = NO;
				ENABLE_STRICT_OBJC_MSGSEND = YES;
				ENABLE_USER_SCRIPT_SANDBOXING = YES;
				GCC_C_LANGUAGE_STANDARD = gnu17;
				GCC_NO_COMMON_BLOCKS = YES;
				GCC_WARN_64_TO_32_BIT_CONVERSION = YES;
				GCC_WARN_ABOUT_RETURN_TYPE = YES_ERROR;
				GCC_WARN_UNDECLARED_SELECTOR = YES;
				GCC_WARN_UNINITIALIZED_AUTOS = YES_AGGRESSIVE;
				GCC_WARN_UNUSED_FUNCTION = YES;
				GCC_WARN_UNUSED_VARIABLE = YES;
				LOCALIZATION_PREFERS_STRING_CATALOGS = YES;
				MTL_ENABLE_DEBUG_INFO = NO;
				MTL_FAST_MATH = YES;
				SWIFT_COMPILATION_MODE = wholemodule;
			};
			name = Release;
		};
		B62E827D2BAD334E00FED650 /* Debug */ = {
			isa = XCBuildConfiguration;
			baseConfigurationReference = 2E99B33B876C8CA602E1D6CB /* Pods-TheMovieDB.debug.xcconfig */;
			buildSettings = {
				ASSETCATALOG_COMPILER_APPICON_NAME = AppIcon;
				ASSETCATALOG_COMPILER_GLOBAL_ACCENT_COLOR_NAME = AccentColor;
				CODE_SIGN_ENTITLEMENTS = TheMovieDB/TheMovieDB.entitlements;
				CODE_SIGN_STYLE = Automatic;
				CURRENT_PROJECT_VERSION = 1;
				DEVELOPMENT_ASSET_PATHS = "\"TheMovieDB/Preview Content\"";
				ENABLE_PREVIEWS = YES;
				ENABLE_USER_SCRIPT_SANDBOXING = NO;
				GENERATE_INFOPLIST_FILE = YES;
				"INFOPLIST_KEY_UIApplicationSceneManifest_Generation[sdk=iphoneos*]" = YES;
				"INFOPLIST_KEY_UIApplicationSceneManifest_Generation[sdk=iphonesimulator*]" = YES;
				"INFOPLIST_KEY_UIApplicationSupportsIndirectInputEvents[sdk=iphoneos*]" = YES;
				"INFOPLIST_KEY_UIApplicationSupportsIndirectInputEvents[sdk=iphonesimulator*]" = YES;
				"INFOPLIST_KEY_UILaunchScreen_Generation[sdk=iphoneos*]" = YES;
				"INFOPLIST_KEY_UILaunchScreen_Generation[sdk=iphonesimulator*]" = YES;
				"INFOPLIST_KEY_UIStatusBarStyle[sdk=iphoneos*]" = UIStatusBarStyleDefault;
				"INFOPLIST_KEY_UIStatusBarStyle[sdk=iphonesimulator*]" = UIStatusBarStyleDefault;
				INFOPLIST_KEY_UISupportedInterfaceOrientations_iPad = "UIInterfaceOrientationPortrait UIInterfaceOrientationPortraitUpsideDown UIInterfaceOrientationLandscapeLeft UIInterfaceOrientationLandscapeRight";
				INFOPLIST_KEY_UISupportedInterfaceOrientations_iPhone = "UIInterfaceOrientationPortrait UIInterfaceOrientationLandscapeLeft UIInterfaceOrientationLandscapeRight";
				IPHONEOS_DEPLOYMENT_TARGET = 17.2;
				LD_RUNPATH_SEARCH_PATHS = "@executable_path/Frameworks";
				"LD_RUNPATH_SEARCH_PATHS[sdk=macosx*]" = "@executable_path/../Frameworks";
				MACOSX_DEPLOYMENT_TARGET = 13.6;
				MARKETING_VERSION = 1.0;
				PRODUCT_BUNDLE_IDENTIFIER = andres.com.TheMovieDB;
				PRODUCT_NAME = "$(TARGET_NAME)";
				SDKROOT = auto;
				SUPPORTED_PLATFORMS = "iphoneos iphonesimulator";
				SUPPORTS_MACCATALYST = NO;
				SWIFT_EMIT_LOC_STRINGS = YES;
				SWIFT_VERSION = 5.0;
				TARGETED_DEVICE_FAMILY = 1;
			};
			name = Debug;
		};
		B62E827E2BAD334E00FED650 /* Release */ = {
			isa = XCBuildConfiguration;
			baseConfigurationReference = 9DB4C88D153DFDE919C6CC4E /* Pods-TheMovieDB.release.xcconfig */;
			buildSettings = {
				ASSETCATALOG_COMPILER_APPICON_NAME = AppIcon;
				ASSETCATALOG_COMPILER_GLOBAL_ACCENT_COLOR_NAME = AccentColor;
				CODE_SIGN_ENTITLEMENTS = TheMovieDB/TheMovieDB.entitlements;
				CODE_SIGN_STYLE = Automatic;
				CURRENT_PROJECT_VERSION = 1;
				DEVELOPMENT_ASSET_PATHS = "\"TheMovieDB/Preview Content\"";
				ENABLE_PREVIEWS = YES;
				ENABLE_USER_SCRIPT_SANDBOXING = NO;
				GENERATE_INFOPLIST_FILE = YES;
				"INFOPLIST_KEY_UIApplicationSceneManifest_Generation[sdk=iphoneos*]" = YES;
				"INFOPLIST_KEY_UIApplicationSceneManifest_Generation[sdk=iphonesimulator*]" = YES;
				"INFOPLIST_KEY_UIApplicationSupportsIndirectInputEvents[sdk=iphoneos*]" = YES;
				"INFOPLIST_KEY_UIApplicationSupportsIndirectInputEvents[sdk=iphonesimulator*]" = YES;
				"INFOPLIST_KEY_UILaunchScreen_Generation[sdk=iphoneos*]" = YES;
				"INFOPLIST_KEY_UILaunchScreen_Generation[sdk=iphonesimulator*]" = YES;
				"INFOPLIST_KEY_UIStatusBarStyle[sdk=iphoneos*]" = UIStatusBarStyleDefault;
				"INFOPLIST_KEY_UIStatusBarStyle[sdk=iphonesimulator*]" = UIStatusBarStyleDefault;
				INFOPLIST_KEY_UISupportedInterfaceOrientations_iPad = "UIInterfaceOrientationPortrait UIInterfaceOrientationPortraitUpsideDown UIInterfaceOrientationLandscapeLeft UIInterfaceOrientationLandscapeRight";
				INFOPLIST_KEY_UISupportedInterfaceOrientations_iPhone = "UIInterfaceOrientationPortrait UIInterfaceOrientationLandscapeLeft UIInterfaceOrientationLandscapeRight";
				IPHONEOS_DEPLOYMENT_TARGET = 17.2;
				LD_RUNPATH_SEARCH_PATHS = "@executable_path/Frameworks";
				"LD_RUNPATH_SEARCH_PATHS[sdk=macosx*]" = "@executable_path/../Frameworks";
				MACOSX_DEPLOYMENT_TARGET = 13.6;
				MARKETING_VERSION = 1.0;
				PRODUCT_BUNDLE_IDENTIFIER = andres.com.TheMovieDB;
				PRODUCT_NAME = "$(TARGET_NAME)";
				SDKROOT = auto;
				SUPPORTED_PLATFORMS = "iphoneos iphonesimulator";
				SUPPORTS_MACCATALYST = NO;
				SWIFT_EMIT_LOC_STRINGS = YES;
				SWIFT_VERSION = 5.0;
				TARGETED_DEVICE_FAMILY = 1;
			};
			name = Release;
		};
		B62E82802BAD334E00FED650 /* Debug */ = {
			isa = XCBuildConfiguration;
			buildSettings = {
				ALWAYS_EMBED_SWIFT_STANDARD_LIBRARIES = YES;
				BUNDLE_LOADER = "$(TEST_HOST)";
				CODE_SIGN_STYLE = Automatic;
				CURRENT_PROJECT_VERSION = 1;
				GENERATE_INFOPLIST_FILE = YES;
				IPHONEOS_DEPLOYMENT_TARGET = 17.2;
				MACOSX_DEPLOYMENT_TARGET = 13.6;
				MARKETING_VERSION = 1.0;
				PRODUCT_BUNDLE_IDENTIFIER = andres.com.TheMovieDBTests;
				PRODUCT_NAME = "$(TARGET_NAME)";
				SDKROOT = auto;
				SUPPORTED_PLATFORMS = "iphoneos iphonesimulator macosx";
				SWIFT_EMIT_LOC_STRINGS = NO;
				SWIFT_VERSION = 5.0;
				TARGETED_DEVICE_FAMILY = "1,2";
				TEST_HOST = "$(BUILT_PRODUCTS_DIR)/TheMovieDB.app/$(BUNDLE_EXECUTABLE_FOLDER_PATH)/TheMovieDB";
			};
			name = Debug;
		};
		B62E82812BAD334E00FED650 /* Release */ = {
			isa = XCBuildConfiguration;
			buildSettings = {
				ALWAYS_EMBED_SWIFT_STANDARD_LIBRARIES = YES;
				BUNDLE_LOADER = "$(TEST_HOST)";
				CODE_SIGN_STYLE = Automatic;
				CURRENT_PROJECT_VERSION = 1;
				GENERATE_INFOPLIST_FILE = YES;
				IPHONEOS_DEPLOYMENT_TARGET = 17.2;
				MACOSX_DEPLOYMENT_TARGET = 13.6;
				MARKETING_VERSION = 1.0;
				PRODUCT_BUNDLE_IDENTIFIER = andres.com.TheMovieDBTests;
				PRODUCT_NAME = "$(TARGET_NAME)";
				SDKROOT = auto;
				SUPPORTED_PLATFORMS = "iphoneos iphonesimulator macosx";
				SWIFT_EMIT_LOC_STRINGS = NO;
				SWIFT_VERSION = 5.0;
				TARGETED_DEVICE_FAMILY = "1,2";
				TEST_HOST = "$(BUILT_PRODUCTS_DIR)/TheMovieDB.app/$(BUNDLE_EXECUTABLE_FOLDER_PATH)/TheMovieDB";
			};
			name = Release;
		};
		B62E82832BAD334E00FED650 /* Debug */ = {
			isa = XCBuildConfiguration;
			buildSettings = {
				ALWAYS_EMBED_SWIFT_STANDARD_LIBRARIES = YES;
				CODE_SIGN_STYLE = Automatic;
				CURRENT_PROJECT_VERSION = 1;
				GENERATE_INFOPLIST_FILE = YES;
				IPHONEOS_DEPLOYMENT_TARGET = 17.2;
				MACOSX_DEPLOYMENT_TARGET = 13.6;
				MARKETING_VERSION = 1.0;
				PRODUCT_BUNDLE_IDENTIFIER = andres.com.TheMovieDBUITests;
				PRODUCT_NAME = "$(TARGET_NAME)";
				SDKROOT = auto;
				SUPPORTED_PLATFORMS = "iphoneos iphonesimulator macosx";
				SWIFT_EMIT_LOC_STRINGS = NO;
				SWIFT_VERSION = 5.0;
				TARGETED_DEVICE_FAMILY = "1,2";
				TEST_TARGET_NAME = TheMovieDB;
			};
			name = Debug;
		};
		B62E82842BAD334E00FED650 /* Release */ = {
			isa = XCBuildConfiguration;
			buildSettings = {
				ALWAYS_EMBED_SWIFT_STANDARD_LIBRARIES = YES;
				CODE_SIGN_STYLE = Automatic;
				CURRENT_PROJECT_VERSION = 1;
				GENERATE_INFOPLIST_FILE = YES;
				IPHONEOS_DEPLOYMENT_TARGET = 17.2;
				MACOSX_DEPLOYMENT_TARGET = 13.6;
				MARKETING_VERSION = 1.0;
				PRODUCT_BUNDLE_IDENTIFIER = andres.com.TheMovieDBUITests;
				PRODUCT_NAME = "$(TARGET_NAME)";
				SDKROOT = auto;
				SUPPORTED_PLATFORMS = "iphoneos iphonesimulator macosx";
				SWIFT_EMIT_LOC_STRINGS = NO;
				SWIFT_VERSION = 5.0;
				TARGETED_DEVICE_FAMILY = "1,2";
				TEST_TARGET_NAME = TheMovieDB;
			};
			name = Release;
		};
/* End XCBuildConfiguration section */

/* Begin XCConfigurationList section */
		B62E82522BAD334C00FED650 /* Build configuration list for PBXProject "TheMovieDB" */ = {
			isa = XCConfigurationList;
			buildConfigurations = (
				B62E827A2BAD334E00FED650 /* Debug */,
				B62E827B2BAD334E00FED650 /* Release */,
			);
			defaultConfigurationIsVisible = 0;
			defaultConfigurationName = Release;
		};
		B62E827C2BAD334E00FED650 /* Build configuration list for PBXNativeTarget "TheMovieDB" */ = {
			isa = XCConfigurationList;
			buildConfigurations = (
				B62E827D2BAD334E00FED650 /* Debug */,
				B62E827E2BAD334E00FED650 /* Release */,
			);
			defaultConfigurationIsVisible = 0;
			defaultConfigurationName = Release;
		};
		B62E827F2BAD334E00FED650 /* Build configuration list for PBXNativeTarget "TheMovieDBTests" */ = {
			isa = XCConfigurationList;
			buildConfigurations = (
				B62E82802BAD334E00FED650 /* Debug */,
				B62E82812BAD334E00FED650 /* Release */,
			);
			defaultConfigurationIsVisible = 0;
			defaultConfigurationName = Release;
		};
		B62E82822BAD334E00FED650 /* Build configuration list for PBXNativeTarget "TheMovieDBUITests" */ = {
			isa = XCConfigurationList;
			buildConfigurations = (
				B62E82832BAD334E00FED650 /* Debug */,
				B62E82842BAD334E00FED650 /* Release */,
			);
			defaultConfigurationIsVisible = 0;
			defaultConfigurationName = Release;
		};
/* End XCConfigurationList section */

/* Begin XCRemoteSwiftPackageReference section */
		B6DD1B3D2BAF8694002381FD /* XCRemoteSwiftPackageReference "Nuke" */ = {
			isa = XCRemoteSwiftPackageReference;
			repositoryURL = "https://github.com/kean/Nuke?tab=readme-ov-file";
			requirement = {
				kind = upToNextMajorVersion;
				minimumVersion = 12.5.0;
			};
		};
/* End XCRemoteSwiftPackageReference section */

/* Begin XCSwiftPackageProductDependency section */
		B6DD1B3E2BAF8694002381FD /* Nuke */ = {
			isa = XCSwiftPackageProductDependency;
			package = B6DD1B3D2BAF8694002381FD /* XCRemoteSwiftPackageReference "Nuke" */;
			productName = Nuke;
		};
		B6DD1B402BAF8694002381FD /* NukeExtensions */ = {
			isa = XCSwiftPackageProductDependency;
			package = B6DD1B3D2BAF8694002381FD /* XCRemoteSwiftPackageReference "Nuke" */;
			productName = NukeExtensions;
		};
		B6DD1B422BAF8694002381FD /* NukeUI */ = {
			isa = XCSwiftPackageProductDependency;
			package = B6DD1B3D2BAF8694002381FD /* XCRemoteSwiftPackageReference "Nuke" */;
			productName = NukeUI;
		};
/* End XCSwiftPackageProductDependency section */
	};
	rootObject = B62E824F2BAD334C00FED650 /* Project object */;
}
