// !$*UTF8*$!
{
	archiveVersion = 1;
	classes = {
	};
	objectVersion = 56;
	objects = {

/* Begin PBXBuildFile section */
		B6DD1B572BAF884F002381FD /* Features.framework in Frameworks */ = {isa = PBXBuildFile; fileRef = B6DD1B4E2BAF884F002381FD /* Features.framework */; };
		B6DD1B5C2BAF884F002381FD /* FeaturesTests.swift in Sources */ = {isa = PBXBuildFile; fileRef = B6DD1B5B2BAF884F002381FD /* FeaturesTests.swift */; };
		B6DD1B5D2BAF884F002381FD /* Features.h in Headers */ = {isa = PBXBuildFile; fileRef = B6DD1B512BAF884F002381FD /* Features.h */; settings = {ATTRIBUTES = (Public, ); }; };
		B6DD1B682BAF8880002381FD /* ListGridView.swift in Sources */ = {isa = PBXBuildFile; fileRef = B6DD1B672BAF8880002381FD /* ListGridView.swift */; };
		B6DD1B6D2BAF91EC002381FD /* CoreEntities.framework in Frameworks */ = {isa = PBXBuildFile; fileRef = B6DD1B6C2BAF91EC002381FD /* CoreEntities.framework */; };
		B6DD1B712BAF9260002381FD /* ListGridViewModel.swift in Sources */ = {isa = PBXBuildFile; fileRef = B6DD1B702BAF9260002381FD /* ListGridViewModel.swift */; };
		B6DD1B732BAF9362002381FD /* UI.framework in Frameworks */ = {isa = PBXBuildFile; fileRef = B6DD1B722BAF9362002381FD /* UI.framework */; };
		B6DD1B772BAF93A5002381FD /* ListGrid+Dependencies.swift in Sources */ = {isa = PBXBuildFile; fileRef = B6DD1B762BAF93A5002381FD /* ListGrid+Dependencies.swift */; };
		B6DD1B792BAF9529002381FD /* ListGridComponents.swift in Sources */ = {isa = PBXBuildFile; fileRef = B6DD1B782BAF9529002381FD /* ListGridComponents.swift */; };
		B6DD1B7B2BAF9C23002381FD /* ListGridFactory.swift in Sources */ = {isa = PBXBuildFile; fileRef = B6DD1B7A2BAF9C23002381FD /* ListGridFactory.swift */; };
/* End PBXBuildFile section */

/* Begin PBXContainerItemProxy section */
		B6DD1B582BAF884F002381FD /* PBXContainerItemProxy */ = {
			isa = PBXContainerItemProxy;
			containerPortal = B6DD1B452BAF884F002381FD /* Project object */;
			proxyType = 1;
			remoteGlobalIDString = B6DD1B4D2BAF884F002381FD;
			remoteInfo = Features;
		};
/* End PBXContainerItemProxy section */

/* Begin PBXFileReference section */
		B6DD1B4E2BAF884F002381FD /* Features.framework */ = {isa = PBXFileReference; explicitFileType = wrapper.framework; includeInIndex = 0; path = Features.framework; sourceTree = BUILT_PRODUCTS_DIR; };
		B6DD1B512BAF884F002381FD /* Features.h */ = {isa = PBXFileReference; lastKnownFileType = sourcecode.c.h; path = Features.h; sourceTree = "<group>"; };
		B6DD1B562BAF884F002381FD /* FeaturesTests.xctest */ = {isa = PBXFileReference; explicitFileType = wrapper.cfbundle; includeInIndex = 0; path = FeaturesTests.xctest; sourceTree = BUILT_PRODUCTS_DIR; };
		B6DD1B5B2BAF884F002381FD /* FeaturesTests.swift */ = {isa = PBXFileReference; lastKnownFileType = sourcecode.swift; path = FeaturesTests.swift; sourceTree = "<group>"; };
		B6DD1B672BAF8880002381FD /* ListGridView.swift */ = {isa = PBXFileReference; lastKnownFileType = sourcecode.swift; path = ListGridView.swift; sourceTree = "<group>"; };
		B6DD1B6C2BAF91EC002381FD /* CoreEntities.framework */ = {isa = PBXFileReference; explicitFileType = wrapper.framework; path = CoreEntities.framework; sourceTree = BUILT_PRODUCTS_DIR; };
		B6DD1B702BAF9260002381FD /* ListGridViewModel.swift */ = {isa = PBXFileReference; lastKnownFileType = sourcecode.swift; path = ListGridViewModel.swift; sourceTree = "<group>"; };
		B6DD1B722BAF9362002381FD /* UI.framework */ = {isa = PBXFileReference; explicitFileType = wrapper.framework; path = UI.framework; sourceTree = BUILT_PRODUCTS_DIR; };
		B6DD1B762BAF93A5002381FD /* ListGrid+Dependencies.swift */ = {isa = PBXFileReference; lastKnownFileType = sourcecode.swift; path = "ListGrid+Dependencies.swift"; sourceTree = "<group>"; };
		B6DD1B782BAF9529002381FD /* ListGridComponents.swift */ = {isa = PBXFileReference; lastKnownFileType = sourcecode.swift; path = ListGridComponents.swift; sourceTree = "<group>"; };
		B6DD1B7A2BAF9C23002381FD /* ListGridFactory.swift */ = {isa = PBXFileReference; lastKnownFileType = sourcecode.swift; path = ListGridFactory.swift; sourceTree = "<group>"; };
/* End PBXFileReference section */

/* Begin PBXFrameworksBuildPhase section */
		B6DD1B4B2BAF884F002381FD /* Frameworks */ = {
			isa = PBXFrameworksBuildPhase;
			buildActionMask = 2147483647;
			files = (
				B6DD1B732BAF9362002381FD /* UI.framework in Frameworks */,
				B6DD1B6D2BAF91EC002381FD /* CoreEntities.framework in Frameworks */,
			);
			runOnlyForDeploymentPostprocessing = 0;
		};
		B6DD1B532BAF884F002381FD /* Frameworks */ = {
			isa = PBXFrameworksBuildPhase;
			buildActionMask = 2147483647;
			files = (
				B6DD1B572BAF884F002381FD /* Features.framework in Frameworks */,
			);
			runOnlyForDeploymentPostprocessing = 0;
		};
/* End PBXFrameworksBuildPhase section */

/* Begin PBXGroup section */
		B6DD1B442BAF884F002381FD = {
			isa = PBXGroup;
			children = (
				B6DD1B502BAF884F002381FD /* Features */,
				B6DD1B5A2BAF884F002381FD /* FeaturesTests */,
				B6DD1B4F2BAF884F002381FD /* Products */,
				B6DD1B6B2BAF91EC002381FD /* Frameworks */,
			);
			sourceTree = "<group>";
		};
		B6DD1B4F2BAF884F002381FD /* Products */ = {
			isa = PBXGroup;
			children = (
				B6DD1B4E2BAF884F002381FD /* Features.framework */,
				B6DD1B562BAF884F002381FD /* FeaturesTests.xctest */,
			);
			name = Products;
			sourceTree = "<group>";
		};
		B6DD1B502BAF884F002381FD /* Features */ = {
			isa = PBXGroup;
			children = (
				B6DD1B662BAF885A002381FD /* ListGrid */,
				B6DD1B512BAF884F002381FD /* Features.h */,
			);
			path = Features;
			sourceTree = "<group>";
		};
		B6DD1B5A2BAF884F002381FD /* FeaturesTests */ = {
			isa = PBXGroup;
			children = (
				B6DD1B5B2BAF884F002381FD /* FeaturesTests.swift */,
			);
			path = FeaturesTests;
			sourceTree = "<group>";
		};
		B6DD1B662BAF885A002381FD /* ListGrid */ = {
			isa = PBXGroup;
			children = (
				B6DD1B672BAF8880002381FD /* ListGridView.swift */,
				B6DD1B702BAF9260002381FD /* ListGridViewModel.swift */,
				B6DD1B762BAF93A5002381FD /* ListGrid+Dependencies.swift */,
				B6DD1B782BAF9529002381FD /* ListGridComponents.swift */,
				B6DD1B7A2BAF9C23002381FD /* ListGridFactory.swift */,
			);
			path = ListGrid;
			sourceTree = "<group>";
		};
		B6DD1B6B2BAF91EC002381FD /* Frameworks */ = {
			isa = PBXGroup;
			children = (
				B6DD1B722BAF9362002381FD /* UI.framework */,
				B6DD1B6C2BAF91EC002381FD /* CoreEntities.framework */,
			);
			name = Frameworks;
			sourceTree = "<group>";
		};
/* End PBXGroup section */

/* Begin PBXHeadersBuildPhase section */
		B6DD1B492BAF884F002381FD /* Headers */ = {
			isa = PBXHeadersBuildPhase;
			buildActionMask = 2147483647;
			files = (
				B6DD1B5D2BAF884F002381FD /* Features.h in Headers */,
			);
			runOnlyForDeploymentPostprocessing = 0;
		};
/* End PBXHeadersBuildPhase section */

/* Begin PBXNativeTarget section */
		B6DD1B4D2BAF884F002381FD /* Features */ = {
			isa = PBXNativeTarget;
			buildConfigurationList = B6DD1B602BAF884F002381FD /* Build configuration list for PBXNativeTarget "Features" */;
			buildPhases = (
				B6DD1B492BAF884F002381FD /* Headers */,
				B6DD1B4A2BAF884F002381FD /* Sources */,
				B6DD1B4B2BAF884F002381FD /* Frameworks */,
				B6DD1B4C2BAF884F002381FD /* Resources */,
			);
			buildRules = (
			);
			dependencies = (
			);
			name = Features;
			productName = Features;
			productReference = B6DD1B4E2BAF884F002381FD /* Features.framework */;
			productType = "com.apple.product-type.framework";
		};
		B6DD1B552BAF884F002381FD /* FeaturesTests */ = {
			isa = PBXNativeTarget;
			buildConfigurationList = B6DD1B632BAF884F002381FD /* Build configuration list for PBXNativeTarget "FeaturesTests" */;
			buildPhases = (
				B6DD1B522BAF884F002381FD /* Sources */,
				B6DD1B532BAF884F002381FD /* Frameworks */,
				B6DD1B542BAF884F002381FD /* Resources */,
			);
			buildRules = (
			);
			dependencies = (
				B6DD1B592BAF884F002381FD /* PBXTargetDependency */,
			);
			name = FeaturesTests;
			productName = FeaturesTests;
			productReference = B6DD1B562BAF884F002381FD /* FeaturesTests.xctest */;
			productType = "com.apple.product-type.bundle.unit-test";
		};
/* End PBXNativeTarget section */

/* Begin PBXProject section */
		B6DD1B452BAF884F002381FD /* Project object */ = {
			isa = PBXProject;
			attributes = {
				BuildIndependentTargetsInParallel = 1;
				LastSwiftUpdateCheck = 1520;
				LastUpgradeCheck = 1520;
				TargetAttributes = {
					B6DD1B4D2BAF884F002381FD = {
						CreatedOnToolsVersion = 15.2;
						LastSwiftMigration = 1520;
					};
					B6DD1B552BAF884F002381FD = {
						CreatedOnToolsVersion = 15.2;
					};
				};
			};
			buildConfigurationList = B6DD1B482BAF884F002381FD /* Build configuration list for PBXProject "Features" */;
			compatibilityVersion = "Xcode 14.0";
			developmentRegion = en;
			hasScannedForEncodings = 0;
			knownRegions = (
				en,
				Base,
			);
			mainGroup = B6DD1B442BAF884F002381FD;
			productRefGroup = B6DD1B4F2BAF884F002381FD /* Products */;
			projectDirPath = "";
			projectRoot = "";
			targets = (
				B6DD1B4D2BAF884F002381FD /* Features */,
				B6DD1B552BAF884F002381FD /* FeaturesTests */,
			);
		};
/* End PBXProject section */

/* Begin PBXResourcesBuildPhase section */
		B6DD1B4C2BAF884F002381FD /* Resources */ = {
			isa = PBXResourcesBuildPhase;
			buildActionMask = 2147483647;
			files = (
			);
			runOnlyForDeploymentPostprocessing = 0;
		};
		B6DD1B542BAF884F002381FD /* Resources */ = {
			isa = PBXResourcesBuildPhase;
			buildActionMask = 2147483647;
			files = (
			);
			runOnlyForDeploymentPostprocessing = 0;
		};
/* End PBXResourcesBuildPhase section */

/* Begin PBXSourcesBuildPhase section */
		B6DD1B4A2BAF884F002381FD /* Sources */ = {
			isa = PBXSourcesBuildPhase;
			buildActionMask = 2147483647;
			files = (
				B6DD1B7B2BAF9C23002381FD /* ListGridFactory.swift in Sources */,
				B6DD1B712BAF9260002381FD /* ListGridViewModel.swift in Sources */,
				B6DD1B772BAF93A5002381FD /* ListGrid+Dependencies.swift in Sources */,
				B6DD1B682BAF8880002381FD /* ListGridView.swift in Sources */,
				B6DD1B792BAF9529002381FD /* ListGridComponents.swift in Sources */,
			);
			runOnlyForDeploymentPostprocessing = 0;
		};
		B6DD1B522BAF884F002381FD /* Sources */ = {
			isa = PBXSourcesBuildPhase;
			buildActionMask = 2147483647;
			files = (
				B6DD1B5C2BAF884F002381FD /* FeaturesTests.swift in Sources */,
			);
			runOnlyForDeploymentPostprocessing = 0;
		};
/* End PBXSourcesBuildPhase section */

/* Begin PBXTargetDependency section */
		B6DD1B592BAF884F002381FD /* PBXTargetDependency */ = {
			isa = PBXTargetDependency;
			target = B6DD1B4D2BAF884F002381FD /* Features */;
			targetProxy = B6DD1B582BAF884F002381FD /* PBXContainerItemProxy */;
		};
/* End PBXTargetDependency section */

/* Begin XCBuildConfiguration section */
		B6DD1B5E2BAF884F002381FD /* Debug */ = {
			isa = XCBuildConfiguration;
			buildSettings = {
				ALWAYS_SEARCH_USER_PATHS = NO;
				ASSETCATALOG_COMPILER_GENERATE_SWIFT_ASSET_SYMBOL_EXTENSIONS = YES;
				CLANG_ANALYZER_NONNULL = YES;
				CLANG_ANALYZER_NUMBER_OBJECT_CONVERSION = YES_AGGRESSIVE;
				CLANG_CXX_LANGUAGE_STANDARD = "gnu++20";
				CLANG_ENABLE_MODULES = YES;
				CLANG_ENABLE_OBJC_ARC = YES;
				CLANG_ENABLE_OBJC_WEAK = YES;
				CLANG_WARN_BLOCK_CAPTURE_AUTORELEASING = YES;
				CLANG_WARN_BOOL_CONVERSION = YES;
				CLANG_WARN_COMMA = YES;
				CLANG_WARN_CONSTANT_CONVERSION = YES;
				CLANG_WARN_DEPRECATED_OBJC_IMPLEMENTATIONS = YES;
				CLANG_WARN_DIRECT_OBJC_ISA_USAGE = YES_ERROR;
				CLANG_WARN_DOCUMENTATION_COMMENTS = YES;
				CLANG_WARN_EMPTY_BODY = YES;
				CLANG_WARN_ENUM_CONVERSION = YES;
				CLANG_WARN_INFINITE_RECURSION = YES;
				CLANG_WARN_INT_CONVERSION = YES;
				CLANG_WARN_NON_LITERAL_NULL_CONVERSION = YES;
				CLANG_WARN_OBJC_IMPLICIT_RETAIN_SELF = YES;
				CLANG_WARN_OBJC_LITERAL_CONVERSION = YES;
				CLANG_WARN_OBJC_ROOT_CLASS = YES_ERROR;
				CLANG_WARN_QUOTED_INCLUDE_IN_FRAMEWORK_HEADER = YES;
				CLANG_WARN_RANGE_LOOP_ANALYSIS = YES;
				CLANG_WARN_STRICT_PROTOTYPES = YES;
				CLANG_WARN_SUSPICIOUS_MOVE = YES;
				CLANG_WARN_UNGUARDED_AVAILABILITY = YES_AGGRESSIVE;
				CLANG_WARN_UNREACHABLE_CODE = YES;
				CLANG_WARN__DUPLICATE_METHOD_MATCH = YES;
				COPY_PHASE_STRIP = NO;
				CURRENT_PROJECT_VERSION = 1;
				DEBUG_INFORMATION_FORMAT = dwarf;
				ENABLE_STRICT_OBJC_MSGSEND = YES;
				ENABLE_TESTABILITY = YES;
				ENABLE_USER_SCRIPT_SANDBOXING = YES;
				GCC_C_LANGUAGE_STANDARD = gnu17;
				GCC_DYNAMIC_NO_PIC = NO;
				GCC_NO_COMMON_BLOCKS = YES;
				GCC_OPTIMIZATION_LEVEL = 0;
				GCC_PREPROCESSOR_DEFINITIONS = (
					"DEBUG=1",
					"$(inherited)",
				);
				GCC_WARN_64_TO_32_BIT_CONVERSION = YES;
				GCC_WARN_ABOUT_RETURN_TYPE = YES_ERROR;
				GCC_WARN_UNDECLARED_SELECTOR = YES;
				GCC_WARN_UNINITIALIZED_AUTOS = YES_AGGRESSIVE;
				GCC_WARN_UNUSED_FUNCTION = YES;
				GCC_WARN_UNUSED_VARIABLE = YES;
				IPHONEOS_DEPLOYMENT_TARGET = 17.2;
				LOCALIZATION_PREFERS_STRING_CATALOGS = YES;
				MTL_ENABLE_DEBUG_INFO = INCLUDE_SOURCE;
				MTL_FAST_MATH = YES;
				ONLY_ACTIVE_ARCH = YES;
				SDKROOT = iphoneos;
				SWIFT_ACTIVE_COMPILATION_CONDITIONS = "DEBUG $(inherited)";
				SWIFT_OPTIMIZATION_LEVEL = "-Onone";
				VERSIONING_SYSTEM = "apple-generic";
				VERSION_INFO_PREFIX = "";
			};
			name = Debug;
		};
		B6DD1B5F2BAF884F002381FD /* Release */ = {
			isa = XCBuildConfiguration;
			buildSettings = {
				ALWAYS_SEARCH_USER_PATHS = NO;
				ASSETCATALOG_COMPILER_GENERATE_SWIFT_ASSET_SYMBOL_EXTENSIONS = YES;
				CLANG_ANALYZER_NONNULL = YES;
				CLANG_ANALYZER_NUMBER_OBJECT_CONVERSION = YES_AGGRESSIVE;
				CLANG_CXX_LANGUAGE_STANDARD = "gnu++20";
				CLANG_ENABLE_MODULES = YES;
				CLANG_ENABLE_OBJC_ARC = YES;
				CLANG_ENABLE_OBJC_WEAK = YES;
				CLANG_WARN_BLOCK_CAPTURE_AUTORELEASING = YES;
				CLANG_WARN_BOOL_CONVERSION = YES;
				CLANG_WARN_COMMA = YES;
				CLANG_WARN_CONSTANT_CONVERSION = YES;
				CLANG_WARN_DEPRECATED_OBJC_IMPLEMENTATIONS = YES;
				CLANG_WARN_DIRECT_OBJC_ISA_USAGE = YES_ERROR;
				CLANG_WARN_DOCUMENTATION_COMMENTS = YES;
				CLANG_WARN_EMPTY_BODY = YES;
				CLANG_WARN_ENUM_CONVERSION = YES;
				CLANG_WARN_INFINITE_RECURSION = YES;
				CLANG_WARN_INT_CONVERSION = YES;
				CLANG_WARN_NON_LITERAL_NULL_CONVERSION = YES;
				CLANG_WARN_OBJC_IMPLICIT_RETAIN_SELF = YES;
				CLANG_WARN_OBJC_LITERAL_CONVERSION = YES;
				CLANG_WARN_OBJC_ROOT_CLASS = YES_ERROR;
				CLANG_WARN_QUOTED_INCLUDE_IN_FRAMEWORK_HEADER = YES;
				CLANG_WARN_RANGE_LOOP_ANALYSIS = YES;
				CLANG_WARN_STRICT_PROTOTYPES = YES;
				CLANG_WARN_SUSPICIOUS_MOVE = YES;
				CLANG_WARN_UNGUARDED_AVAILABILITY = YES_AGGRESSIVE;
				CLANG_WARN_UNREACHABLE_CODE = YES;
				CLANG_WARN__DUPLICATE_METHOD_MATCH = YES;
				COPY_PHASE_STRIP = NO;
				CURRENT_PROJECT_VERSION = 1;
				DEBUG_INFORMATION_FORMAT = "dwarf-with-dsym";
				ENABLE_NS_ASSERTIONS = NO;
				ENABLE_STRICT_OBJC_MSGSEND = YES;
				ENABLE_USER_SCRIPT_SANDBOXING = YES;
				GCC_C_LANGUAGE_STANDARD = gnu17;
				GCC_NO_COMMON_BLOCKS = YES;
				GCC_WARN_64_TO_32_BIT_CONVERSION = YES;
				GCC_WARN_ABOUT_RETURN_TYPE = YES_ERROR;
				GCC_WARN_UNDECLARED_SELECTOR = YES;
				GCC_WARN_UNINITIALIZED_AUTOS = YES_AGGRESSIVE;
				GCC_WARN_UNUSED_FUNCTION = YES;
				GCC_WARN_UNUSED_VARIABLE = YES;
				IPHONEOS_DEPLOYMENT_TARGET = 17.2;
				LOCALIZATION_PREFERS_STRING_CATALOGS = YES;
				MTL_ENABLE_DEBUG_INFO = NO;
				MTL_FAST_MATH = YES;
				SDKROOT = iphoneos;
				SWIFT_COMPILATION_MODE = wholemodule;
				VALIDATE_PRODUCT = YES;
				VERSIONING_SYSTEM = "apple-generic";
				VERSION_INFO_PREFIX = "";
			};
			name = Release;
		};
		B6DD1B612BAF884F002381FD /* Debug */ = {
			isa = XCBuildConfiguration;
			buildSettings = {
				CLANG_ENABLE_MODULES = YES;
				CODE_SIGN_STYLE = Automatic;
				CURRENT_PROJECT_VERSION = 1;
				DEFINES_MODULE = YES;
				DYLIB_COMPATIBILITY_VERSION = 1;
				DYLIB_CURRENT_VERSION = 1;
				DYLIB_INSTALL_NAME_BASE = "@rpath";
				ENABLE_MODULE_VERIFIER = YES;
				GENERATE_INFOPLIST_FILE = YES;
				INFOPLIST_KEY_NSHumanReadableCopyright = "";
				INSTALL_PATH = "$(LOCAL_LIBRARY_DIR)/Frameworks";
				LD_RUNPATH_SEARCH_PATHS = (
					"$(inherited)",
					"@executable_path/Frameworks",
					"@loader_path/Frameworks",
				);
				MARKETING_VERSION = 1.0;
				MODULE_VERIFIER_SUPPORTED_LANGUAGES = "objective-c objective-c++";
				MODULE_VERIFIER_SUPPORTED_LANGUAGE_STANDARDS = "gnu17 gnu++20";
				PRODUCT_BUNDLE_IDENTIFIER = andres.com.Features;
				PRODUCT_NAME = "$(TARGET_NAME:c99extidentifier)";
				SKIP_INSTALL = YES;
				SWIFT_EMIT_LOC_STRINGS = YES;
				SWIFT_OPTIMIZATION_LEVEL = "-Onone";
				SWIFT_VERSION = 5.0;
				TARGETED_DEVICE_FAMILY = "1,2";
			};
			name = Debug;
		};
		B6DD1B622BAF884F002381FD /* Release */ = {
			isa = XCBuildConfiguration;
			buildSettings = {
				CLANG_ENABLE_MODULES = YES;
				CODE_SIGN_STYLE = Automatic;
				CURRENT_PROJECT_VERSION = 1;
				DEFINES_MODULE = YES;
				DYLIB_COMPATIBILITY_VERSION = 1;
				DYLIB_CURRENT_VERSION = 1;
				DYLIB_INSTALL_NAME_BASE = "@rpath";
				ENABLE_MODULE_VERIFIER = YES;
				GENERATE_INFOPLIST_FILE = YES;
				INFOPLIST_KEY_NSHumanReadableCopyright = "";
				INSTALL_PATH = "$(LOCAL_LIBRARY_DIR)/Frameworks";
				LD_RUNPATH_SEARCH_PATHS = (
					"$(inherited)",
					"@executable_path/Frameworks",
					"@loader_path/Frameworks",
				);
				MARKETING_VERSION = 1.0;
				MODULE_VERIFIER_SUPPORTED_LANGUAGES = "objective-c objective-c++";
				MODULE_VERIFIER_SUPPORTED_LANGUAGE_STANDARDS = "gnu17 gnu++20";
				PRODUCT_BUNDLE_IDENTIFIER = andres.com.Features;
				PRODUCT_NAME = "$(TARGET_NAME:c99extidentifier)";
				SKIP_INSTALL = YES;
				SWIFT_EMIT_LOC_STRINGS = YES;
				SWIFT_VERSION = 5.0;
				TARGETED_DEVICE_FAMILY = "1,2";
			};
			name = Release;
		};
		B6DD1B642BAF884F002381FD /* Debug */ = {
			isa = XCBuildConfiguration;
			buildSettings = {
				ALWAYS_EMBED_SWIFT_STANDARD_LIBRARIES = YES;
				CODE_SIGN_STYLE = Automatic;
				CURRENT_PROJECT_VERSION = 1;
				GENERATE_INFOPLIST_FILE = YES;
				MARKETING_VERSION = 1.0;
				PRODUCT_BUNDLE_IDENTIFIER = andres.com.FeaturesTests;
				PRODUCT_NAME = "$(TARGET_NAME)";
				SWIFT_EMIT_LOC_STRINGS = NO;
				SWIFT_VERSION = 5.0;
				TARGETED_DEVICE_FAMILY = "1,2";
			};
			name = Debug;
		};
		B6DD1B652BAF884F002381FD /* Release */ = {
			isa = XCBuildConfiguration;
			buildSettings = {
				ALWAYS_EMBED_SWIFT_STANDARD_LIBRARIES = YES;
				CODE_SIGN_STYLE = Automatic;
				CURRENT_PROJECT_VERSION = 1;
				GENERATE_INFOPLIST_FILE = YES;
				MARKETING_VERSION = 1.0;
				PRODUCT_BUNDLE_IDENTIFIER = andres.com.FeaturesTests;
				PRODUCT_NAME = "$(TARGET_NAME)";
				SWIFT_EMIT_LOC_STRINGS = NO;
				SWIFT_VERSION = 5.0;
				TARGETED_DEVICE_FAMILY = "1,2";
			};
			name = Release;
		};
/* End XCBuildConfiguration section */

/* Begin XCConfigurationList section */
		B6DD1B482BAF884F002381FD /* Build configuration list for PBXProject "Features" */ = {
			isa = XCConfigurationList;
			buildConfigurations = (
				B6DD1B5E2BAF884F002381FD /* Debug */,
				B6DD1B5F2BAF884F002381FD /* Release */,
			);
			defaultConfigurationIsVisible = 0;
			defaultConfigurationName = Release;
		};
		B6DD1B602BAF884F002381FD /* Build configuration list for PBXNativeTarget "Features" */ = {
			isa = XCConfigurationList;
			buildConfigurations = (
				B6DD1B612BAF884F002381FD /* Debug */,
				B6DD1B622BAF884F002381FD /* Release */,
			);
			defaultConfigurationIsVisible = 0;
			defaultConfigurationName = Release;
		};
		B6DD1B632BAF884F002381FD /* Build configuration list for PBXNativeTarget "FeaturesTests" */ = {
			isa = XCConfigurationList;
			buildConfigurations = (
				B6DD1B642BAF884F002381FD /* Debug */,
				B6DD1B652BAF884F002381FD /* Release */,
			);
			defaultConfigurationIsVisible = 0;
			defaultConfigurationName = Release;
		};
/* End XCConfigurationList section */
	};
	rootObject = B6DD1B452BAF884F002381FD /* Project object */;
}
