// !$*UTF8*$!
{
	archiveVersion = 1;
	classes = {
	};
	objectVersion = 56;
	objects = {

/* Begin PBXBuildFile section */
		B62E837B2BAD377300FED650 /* APICore.framework in Frameworks */ = {isa = PBXBuildFile; fileRef = B62E83722BAD377300FED650 /* APICore.framework */; };
		B62E83802BAD377300FED650 /* APICoreTests.swift in Sources */ = {isa = PBXBuildFile; fileRef = B62E837F2BAD377300FED650 /* APICoreTests.swift */; };
		B62E83812BAD377300FED650 /* APICore.h in Headers */ = {isa = PBXBuildFile; fileRef = B62E83752BAD377300FED650 /* APICore.h */; settings = {ATTRIBUTES = (Public, ); }; };
		DA6349619ABCE8370C2D3DB1 /* Pods_APICore.framework in Frameworks */ = {isa = PBXBuildFile; fileRef = 2B9783A9B39D338C77DF20A6 /* Pods_APICore.framework */; };
/* End PBXBuildFile section */

/* Begin PBXContainerItemProxy section */
		B62E837C2BAD377300FED650 /* PBXContainerItemProxy */ = {
			isa = PBXContainerItemProxy;
			containerPortal = B62E83692BAD377300FED650 /* Project object */;
			proxyType = 1;
			remoteGlobalIDString = B62E83712BAD377300FED650;
			remoteInfo = APICore;
		};
/* End PBXContainerItemProxy section */

/* Begin PBXFileReference section */
		2B9783A9B39D338C77DF20A6 /* Pods_APICore.framework */ = {isa = PBXFileReference; explicitFileType = wrapper.framework; includeInIndex = 0; path = Pods_APICore.framework; sourceTree = BUILT_PRODUCTS_DIR; };
		68444CE1E359A6508D6E332E /* Pods-APICore.debug.xcconfig */ = {isa = PBXFileReference; includeInIndex = 1; lastKnownFileType = text.xcconfig; name = "Pods-APICore.debug.xcconfig"; path = "Target Support Files/Pods-APICore/Pods-APICore.debug.xcconfig"; sourceTree = "<group>"; };
		7CFA6E3426774FEB4137C071 /* Pods-APICore.release.xcconfig */ = {isa = PBXFileReference; includeInIndex = 1; lastKnownFileType = text.xcconfig; name = "Pods-APICore.release.xcconfig"; path = "Target Support Files/Pods-APICore/Pods-APICore.release.xcconfig"; sourceTree = "<group>"; };
		B62E83722BAD377300FED650 /* APICore.framework */ = {isa = PBXFileReference; explicitFileType = wrapper.framework; includeInIndex = 0; path = APICore.framework; sourceTree = BUILT_PRODUCTS_DIR; };
		B62E83752BAD377300FED650 /* APICore.h */ = {isa = PBXFileReference; lastKnownFileType = sourcecode.c.h; path = APICore.h; sourceTree = "<group>"; };
		B62E837A2BAD377300FED650 /* APICoreTests.xctest */ = {isa = PBXFileReference; explicitFileType = wrapper.cfbundle; includeInIndex = 0; path = APICoreTests.xctest; sourceTree = BUILT_PRODUCTS_DIR; };
		B62E837F2BAD377300FED650 /* APICoreTests.swift */ = {isa = PBXFileReference; lastKnownFileType = sourcecode.swift; path = APICoreTests.swift; sourceTree = "<group>"; };
/* End PBXFileReference section */

/* Begin PBXFrameworksBuildPhase section */
		B62E836F2BAD377300FED650 /* Frameworks */ = {
			isa = PBXFrameworksBuildPhase;
			buildActionMask = 2147483647;
			files = (
				DA6349619ABCE8370C2D3DB1 /* Pods_APICore.framework in Frameworks */,
			);
			runOnlyForDeploymentPostprocessing = 0;
		};
		B62E83772BAD377300FED650 /* Frameworks */ = {
			isa = PBXFrameworksBuildPhase;
			buildActionMask = 2147483647;
			files = (
				B62E837B2BAD377300FED650 /* APICore.framework in Frameworks */,
			);
			runOnlyForDeploymentPostprocessing = 0;
		};
/* End PBXFrameworksBuildPhase section */

/* Begin PBXGroup section */
		71E7E89C35CF9F29F090B732 /* Frameworks */ = {
			isa = PBXGroup;
			children = (
				2B9783A9B39D338C77DF20A6 /* Pods_APICore.framework */,
			);
			name = Frameworks;
			sourceTree = "<group>";
		};
		985BE5BFDDC8559A915C0781 /* Pods */ = {
			isa = PBXGroup;
			children = (
				68444CE1E359A6508D6E332E /* Pods-APICore.debug.xcconfig */,
				7CFA6E3426774FEB4137C071 /* Pods-APICore.release.xcconfig */,
			);
			name = Pods;
			path = ../../../Pods;
			sourceTree = "<group>";
		};
		B62E83682BAD377300FED650 = {
			isa = PBXGroup;
			children = (
				B62E83742BAD377300FED650 /* APICore */,
				B62E837E2BAD377300FED650 /* APICoreTests */,
				B62E83732BAD377300FED650 /* Products */,
				985BE5BFDDC8559A915C0781 /* Pods */,
				71E7E89C35CF9F29F090B732 /* Frameworks */,
			);
			sourceTree = "<group>";
		};
		B62E83732BAD377300FED650 /* Products */ = {
			isa = PBXGroup;
			children = (
				B62E83722BAD377300FED650 /* APICore.framework */,
				B62E837A2BAD377300FED650 /* APICoreTests.xctest */,
			);
			name = Products;
			sourceTree = "<group>";
		};
		B62E83742BAD377300FED650 /* APICore */ = {
			isa = PBXGroup;
			children = (
				B62E83752BAD377300FED650 /* APICore.h */,
			);
			path = APICore;
			sourceTree = "<group>";
		};
		B62E837E2BAD377300FED650 /* APICoreTests */ = {
			isa = PBXGroup;
			children = (
				B62E837F2BAD377300FED650 /* APICoreTests.swift */,
			);
			path = APICoreTests;
			sourceTree = "<group>";
		};
/* End PBXGroup section */

/* Begin PBXHeadersBuildPhase section */
		B62E836D2BAD377300FED650 /* Headers */ = {
			isa = PBXHeadersBuildPhase;
			buildActionMask = 2147483647;
			files = (
				B62E83812BAD377300FED650 /* APICore.h in Headers */,
			);
			runOnlyForDeploymentPostprocessing = 0;
		};
/* End PBXHeadersBuildPhase section */

/* Begin PBXNativeTarget section */
		B62E83712BAD377300FED650 /* APICore */ = {
			isa = PBXNativeTarget;
			buildConfigurationList = B62E83842BAD377300FED650 /* Build configuration list for PBXNativeTarget "APICore" */;
			buildPhases = (
				BE122B2F65C2E2AD26856341 /* [CP] Check Pods Manifest.lock */,
				B62E836D2BAD377300FED650 /* Headers */,
				B62E836E2BAD377300FED650 /* Sources */,
				B62E836F2BAD377300FED650 /* Frameworks */,
				B62E83702BAD377300FED650 /* Resources */,
			);
			buildRules = (
			);
			dependencies = (
			);
			name = APICore;
			productName = APICore;
			productReference = B62E83722BAD377300FED650 /* APICore.framework */;
			productType = "com.apple.product-type.framework";
		};
		B62E83792BAD377300FED650 /* APICoreTests */ = {
			isa = PBXNativeTarget;
			buildConfigurationList = B62E83872BAD377300FED650 /* Build configuration list for PBXNativeTarget "APICoreTests" */;
			buildPhases = (
				B62E83762BAD377300FED650 /* Sources */,
				B62E83772BAD377300FED650 /* Frameworks */,
				B62E83782BAD377300FED650 /* Resources */,
			);
			buildRules = (
			);
			dependencies = (
				B62E837D2BAD377300FED650 /* PBXTargetDependency */,
			);
			name = APICoreTests;
			productName = APICoreTests;
			productReference = B62E837A2BAD377300FED650 /* APICoreTests.xctest */;
			productType = "com.apple.product-type.bundle.unit-test";
		};
/* End PBXNativeTarget section */

/* Begin PBXProject section */
		B62E83692BAD377300FED650 /* Project object */ = {
			isa = PBXProject;
			attributes = {
				BuildIndependentTargetsInParallel = 1;
				LastSwiftUpdateCheck = 1520;
				LastUpgradeCheck = 1520;
				TargetAttributes = {
					B62E83712BAD377300FED650 = {
						CreatedOnToolsVersion = 15.2;
					};
					B62E83792BAD377300FED650 = {
						CreatedOnToolsVersion = 15.2;
					};
				};
			};
			buildConfigurationList = B62E836C2BAD377300FED650 /* Build configuration list for PBXProject "APICore" */;
			compatibilityVersion = "Xcode 14.0";
			developmentRegion = en;
			hasScannedForEncodings = 0;
			knownRegions = (
				en,
				Base,
			);
			mainGroup = B62E83682BAD377300FED650;
			productRefGroup = B62E83732BAD377300FED650 /* Products */;
			projectDirPath = "";
			projectRoot = "";
			targets = (
				B62E83712BAD377300FED650 /* APICore */,
				B62E83792BAD377300FED650 /* APICoreTests */,
			);
		};
/* End PBXProject section */

/* Begin PBXResourcesBuildPhase section */
		B62E83702BAD377300FED650 /* Resources */ = {
			isa = PBXResourcesBuildPhase;
			buildActionMask = 2147483647;
			files = (
			);
			runOnlyForDeploymentPostprocessing = 0;
		};
		B62E83782BAD377300FED650 /* Resources */ = {
			isa = PBXResourcesBuildPhase;
			buildActionMask = 2147483647;
			files = (
			);
			runOnlyForDeploymentPostprocessing = 0;
		};
/* End PBXResourcesBuildPhase section */

/* Begin PBXShellScriptBuildPhase section */
		BE122B2F65C2E2AD26856341 /* [CP] Check Pods Manifest.lock */ = {
			isa = PBXShellScriptBuildPhase;
			buildActionMask = 2147483647;
			files = (
			);
			inputFileListPaths = (
			);
			inputPaths = (
				"${PODS_PODFILE_DIR_PATH}/Podfile.lock",
				"${PODS_ROOT}/Manifest.lock",
			);
			name = "[CP] Check Pods Manifest.lock";
			outputFileListPaths = (
			);
			outputPaths = (
				"$(DERIVED_FILE_DIR)/Pods-APICore-checkManifestLockResult.txt",
			);
			runOnlyForDeploymentPostprocessing = 0;
			shellPath = /bin/sh;
			shellScript = "diff \"${PODS_PODFILE_DIR_PATH}/Podfile.lock\" \"${PODS_ROOT}/Manifest.lock\" > /dev/null\nif [ $? != 0 ] ; then\n    # print error to STDERR\n    echo \"error: The sandbox is not in sync with the Podfile.lock. Run 'pod install' or update your CocoaPods installation.\" >&2\n    exit 1\nfi\n# This output is used by Xcode 'outputs' to avoid re-running this script phase.\necho \"SUCCESS\" > \"${SCRIPT_OUTPUT_FILE_0}\"\n";
			showEnvVarsInLog = 0;
		};
/* End PBXShellScriptBuildPhase section */

/* Begin PBXSourcesBuildPhase section */
		B62E836E2BAD377300FED650 /* Sources */ = {
			isa = PBXSourcesBuildPhase;
			buildActionMask = 2147483647;
			files = (
			);
			runOnlyForDeploymentPostprocessing = 0;
		};
		B62E83762BAD377300FED650 /* Sources */ = {
			isa = PBXSourcesBuildPhase;
			buildActionMask = 2147483647;
			files = (
				B62E83802BAD377300FED650 /* APICoreTests.swift in Sources */,
			);
			runOnlyForDeploymentPostprocessing = 0;
		};
/* End PBXSourcesBuildPhase section */

/* Begin PBXTargetDependency section */
		B62E837D2BAD377300FED650 /* PBXTargetDependency */ = {
			isa = PBXTargetDependency;
			target = B62E83712BAD377300FED650 /* APICore */;
			targetProxy = B62E837C2BAD377300FED650 /* PBXContainerItemProxy */;
		};
/* End PBXTargetDependency section */

/* Begin XCBuildConfiguration section */
		B62E83822BAD377300FED650 /* Debug */ = {
			isa = XCBuildConfiguration;
			buildSettings = {
				ALWAYS_SEARCH_USER_PATHS = NO;
				ASSETCATALOG_COMPILER_GENERATE_SWIFT_ASSET_SYMBOL_EXTENSIONS = YES;
				CLANG_ANALYZER_NONNULL = YES;
				CLANG_ANALYZER_NUMBER_OBJECT_CONVERSION = YES_AGGRESSIVE;
				CLANG_CXX_LANGUAGE_STANDARD = "gnu++20";
				CLANG_ENABLE_MODULES = YES;
				CLANG_ENABLE_OBJC_ARC = YES;
				CLANG_ENABLE_OBJC_WEAK = YES;
				CLANG_WARN_BLOCK_CAPTURE_AUTORELEASING = YES;
				CLANG_WARN_BOOL_CONVERSION = YES;
				CLANG_WARN_COMMA = YES;
				CLANG_WARN_CONSTANT_CONVERSION = YES;
				CLANG_WARN_DEPRECATED_OBJC_IMPLEMENTATIONS = YES;
				CLANG_WARN_DIRECT_OBJC_ISA_USAGE = YES_ERROR;
				CLANG_WARN_DOCUMENTATION_COMMENTS = YES;
				CLANG_WARN_EMPTY_BODY = YES;
				CLANG_WARN_ENUM_CONVERSION = YES;
				CLANG_WARN_INFINITE_RECURSION = YES;
				CLANG_WARN_INT_CONVERSION = YES;
				CLANG_WARN_NON_LITERAL_NULL_CONVERSION = YES;
				CLANG_WARN_OBJC_IMPLICIT_RETAIN_SELF = YES;
				CLANG_WARN_OBJC_LITERAL_CONVERSION = YES;
				CLANG_WARN_OBJC_ROOT_CLASS = YES_ERROR;
				CLANG_WARN_QUOTED_INCLUDE_IN_FRAMEWORK_HEADER = YES;
				CLANG_WARN_RANGE_LOOP_ANALYSIS = YES;
				CLANG_WARN_STRICT_PROTOTYPES = YES;
				CLANG_WARN_SUSPICIOUS_MOVE = YES;
				CLANG_WARN_UNGUARDED_AVAILABILITY = YES_AGGRESSIVE;
				CLANG_WARN_UNREACHABLE_CODE = YES;
				CLANG_WARN__DUPLICATE_METHOD_MATCH = YES;
				COPY_PHASE_STRIP = NO;
				CURRENT_PROJECT_VERSION = 1;
				DEBUG_INFORMATION_FORMAT = dwarf;
				ENABLE_STRICT_OBJC_MSGSEND = YES;
				ENABLE_TESTABILITY = YES;
				ENABLE_USER_SCRIPT_SANDBOXING = YES;
				GCC_C_LANGUAGE_STANDARD = gnu17;
				GCC_DYNAMIC_NO_PIC = NO;
				GCC_NO_COMMON_BLOCKS = YES;
				GCC_OPTIMIZATION_LEVEL = 0;
				GCC_PREPROCESSOR_DEFINITIONS = (
					"DEBUG=1",
					"$(inherited)",
				);
				GCC_WARN_64_TO_32_BIT_CONVERSION = YES;
				GCC_WARN_ABOUT_RETURN_TYPE = YES_ERROR;
				GCC_WARN_UNDECLARED_SELECTOR = YES;
				GCC_WARN_UNINITIALIZED_AUTOS = YES_AGGRESSIVE;
				GCC_WARN_UNUSED_FUNCTION = YES;
				GCC_WARN_UNUSED_VARIABLE = YES;
				IPHONEOS_DEPLOYMENT_TARGET = 17.2;
				LOCALIZATION_PREFERS_STRING_CATALOGS = YES;
				MTL_ENABLE_DEBUG_INFO = INCLUDE_SOURCE;
				MTL_FAST_MATH = YES;
				ONLY_ACTIVE_ARCH = YES;
				SDKROOT = iphoneos;
				SWIFT_ACTIVE_COMPILATION_CONDITIONS = "DEBUG $(inherited)";
				SWIFT_OPTIMIZATION_LEVEL = "-Onone";
				VERSIONING_SYSTEM = "apple-generic";
				VERSION_INFO_PREFIX = "";
			};
			name = Debug;
		};
		B62E83832BAD377300FED650 /* Release */ = {
			isa = XCBuildConfiguration;
			buildSettings = {
				ALWAYS_SEARCH_USER_PATHS = NO;
				ASSETCATALOG_COMPILER_GENERATE_SWIFT_ASSET_SYMBOL_EXTENSIONS = YES;
				CLANG_ANALYZER_NONNULL = YES;
				CLANG_ANALYZER_NUMBER_OBJECT_CONVERSION = YES_AGGRESSIVE;
				CLANG_CXX_LANGUAGE_STANDARD = "gnu++20";
				CLANG_ENABLE_MODULES = YES;
				CLANG_ENABLE_OBJC_ARC = YES;
				CLANG_ENABLE_OBJC_WEAK = YES;
				CLANG_WARN_BLOCK_CAPTURE_AUTORELEASING = YES;
				CLANG_WARN_BOOL_CONVERSION = YES;
				CLANG_WARN_COMMA = YES;
				CLANG_WARN_CONSTANT_CONVERSION = YES;
				CLANG_WARN_DEPRECATED_OBJC_IMPLEMENTATIONS = YES;
				CLANG_WARN_DIRECT_OBJC_ISA_USAGE = YES_ERROR;
				CLANG_WARN_DOCUMENTATION_COMMENTS = YES;
				CLANG_WARN_EMPTY_BODY = YES;
				CLANG_WARN_ENUM_CONVERSION = YES;
				CLANG_WARN_INFINITE_RECURSION = YES;
				CLANG_WARN_INT_CONVERSION = YES;
				CLANG_WARN_NON_LITERAL_NULL_CONVERSION = YES;
				CLANG_WARN_OBJC_IMPLICIT_RETAIN_SELF = YES;
				CLANG_WARN_OBJC_LITERAL_CONVERSION = YES;
				CLANG_WARN_OBJC_ROOT_CLASS = YES_ERROR;
				CLANG_WARN_QUOTED_INCLUDE_IN_FRAMEWORK_HEADER = YES;
				CLANG_WARN_RANGE_LOOP_ANALYSIS = YES;
				CLANG_WARN_STRICT_PROTOTYPES = YES;
				CLANG_WARN_SUSPICIOUS_MOVE = YES;
				CLANG_WARN_UNGUARDED_AVAILABILITY = YES_AGGRESSIVE;
				CLANG_WARN_UNREACHABLE_CODE = YES;
				CLANG_WARN__DUPLICATE_METHOD_MATCH = YES;
				COPY_PHASE_STRIP = NO;
				CURRENT_PROJECT_VERSION = 1;
				DEBUG_INFORMATION_FORMAT = "dwarf-with-dsym";
				ENABLE_NS_ASSERTIONS = NO;
				ENABLE_STRICT_OBJC_MSGSEND = YES;
				ENABLE_USER_SCRIPT_SANDBOXING = YES;
				GCC_C_LANGUAGE_STANDARD = gnu17;
				GCC_NO_COMMON_BLOCKS = YES;
				GCC_WARN_64_TO_32_BIT_CONVERSION = YES;
				GCC_WARN_ABOUT_RETURN_TYPE = YES_ERROR;
				GCC_WARN_UNDECLARED_SELECTOR = YES;
				GCC_WARN_UNINITIALIZED_AUTOS = YES_AGGRESSIVE;
				GCC_WARN_UNUSED_FUNCTION = YES;
				GCC_WARN_UNUSED_VARIABLE = YES;
				IPHONEOS_DEPLOYMENT_TARGET = 17.2;
				LOCALIZATION_PREFERS_STRING_CATALOGS = YES;
				MTL_ENABLE_DEBUG_INFO = NO;
				MTL_FAST_MATH = YES;
				SDKROOT = iphoneos;
				SWIFT_COMPILATION_MODE = wholemodule;
				VALIDATE_PRODUCT = YES;
				VERSIONING_SYSTEM = "apple-generic";
				VERSION_INFO_PREFIX = "";
			};
			name = Release;
		};
		B62E83852BAD377300FED650 /* Debug */ = {
			isa = XCBuildConfiguration;
			baseConfigurationReference = 68444CE1E359A6508D6E332E /* Pods-APICore.debug.xcconfig */;
			buildSettings = {
				CODE_SIGN_STYLE = Automatic;
				CURRENT_PROJECT_VERSION = 1;
				DEFINES_MODULE = YES;
				DYLIB_COMPATIBILITY_VERSION = 1;
				DYLIB_CURRENT_VERSION = 1;
				DYLIB_INSTALL_NAME_BASE = "@rpath";
				ENABLE_MODULE_VERIFIER = YES;
				GENERATE_INFOPLIST_FILE = YES;
				INFOPLIST_KEY_NSHumanReadableCopyright = "";
				INSTALL_PATH = "$(LOCAL_LIBRARY_DIR)/Frameworks";
				LD_RUNPATH_SEARCH_PATHS = (
					"$(inherited)",
					"@executable_path/Frameworks",
					"@loader_path/Frameworks",
				);
				MARKETING_VERSION = 1.0;
				MODULE_VERIFIER_SUPPORTED_LANGUAGES = "objective-c objective-c++";
				MODULE_VERIFIER_SUPPORTED_LANGUAGE_STANDARDS = "gnu17 gnu++20";
				PRODUCT_BUNDLE_IDENTIFIER = andres.com.APICore;
				PRODUCT_NAME = "$(TARGET_NAME:c99extidentifier)";
				SKIP_INSTALL = YES;
				SWIFT_EMIT_LOC_STRINGS = YES;
				SWIFT_VERSION = 5.0;
				TARGETED_DEVICE_FAMILY = "1,2";
			};
			name = Debug;
		};
		B62E83862BAD377300FED650 /* Release */ = {
			isa = XCBuildConfiguration;
			baseConfigurationReference = 7CFA6E3426774FEB4137C071 /* Pods-APICore.release.xcconfig */;
			buildSettings = {
				CODE_SIGN_STYLE = Automatic;
				CURRENT_PROJECT_VERSION = 1;
				DEFINES_MODULE = YES;
				DYLIB_COMPATIBILITY_VERSION = 1;
				DYLIB_CURRENT_VERSION = 1;
				DYLIB_INSTALL_NAME_BASE = "@rpath";
				ENABLE_MODULE_VERIFIER = YES;
				GENERATE_INFOPLIST_FILE = YES;
				INFOPLIST_KEY_NSHumanReadableCopyright = "";
				INSTALL_PATH = "$(LOCAL_LIBRARY_DIR)/Frameworks";
				LD_RUNPATH_SEARCH_PATHS = (
					"$(inherited)",
					"@executable_path/Frameworks",
					"@loader_path/Frameworks",
				);
				MARKETING_VERSION = 1.0;
				MODULE_VERIFIER_SUPPORTED_LANGUAGES = "objective-c objective-c++";
				MODULE_VERIFIER_SUPPORTED_LANGUAGE_STANDARDS = "gnu17 gnu++20";
				PRODUCT_BUNDLE_IDENTIFIER = andres.com.APICore;
				PRODUCT_NAME = "$(TARGET_NAME:c99extidentifier)";
				SKIP_INSTALL = YES;
				SWIFT_EMIT_LOC_STRINGS = YES;
				SWIFT_VERSION = 5.0;
				TARGETED_DEVICE_FAMILY = "1,2";
			};
			name = Release;
		};
		B62E83882BAD377300FED650 /* Debug */ = {
			isa = XCBuildConfiguration;
			buildSettings = {
				CODE_SIGN_STYLE = Automatic;
				CURRENT_PROJECT_VERSION = 1;
				GENERATE_INFOPLIST_FILE = YES;
				MARKETING_VERSION = 1.0;
				PRODUCT_BUNDLE_IDENTIFIER = andres.com.APICoreTests;
				PRODUCT_NAME = "$(TARGET_NAME)";
				SWIFT_EMIT_LOC_STRINGS = NO;
				SWIFT_VERSION = 5.0;
				TARGETED_DEVICE_FAMILY = "1,2";
			};
			name = Debug;
		};
		B62E83892BAD377300FED650 /* Release */ = {
			isa = XCBuildConfiguration;
			buildSettings = {
				CODE_SIGN_STYLE = Automatic;
				CURRENT_PROJECT_VERSION = 1;
				GENERATE_INFOPLIST_FILE = YES;
				MARKETING_VERSION = 1.0;
				PRODUCT_BUNDLE_IDENTIFIER = andres.com.APICoreTests;
				PRODUCT_NAME = "$(TARGET_NAME)";
				SWIFT_EMIT_LOC_STRINGS = NO;
				SWIFT_VERSION = 5.0;
				TARGETED_DEVICE_FAMILY = "1,2";
			};
			name = Release;
		};
/* End XCBuildConfiguration section */

/* Begin XCConfigurationList section */
		B62E836C2BAD377300FED650 /* Build configuration list for PBXProject "APICore" */ = {
			isa = XCConfigurationList;
			buildConfigurations = (
				B62E83822BAD377300FED650 /* Debug */,
				B62E83832BAD377300FED650 /* Release */,
			);
			defaultConfigurationIsVisible = 0;
			defaultConfigurationName = Release;
		};
		B62E83842BAD377300FED650 /* Build configuration list for PBXNativeTarget "APICore" */ = {
			isa = XCConfigurationList;
			buildConfigurations = (
				B62E83852BAD377300FED650 /* Debug */,
				B62E83862BAD377300FED650 /* Release */,
			);
			defaultConfigurationIsVisible = 0;
			defaultConfigurationName = Release;
		};
		B62E83872BAD377300FED650 /* Build configuration list for PBXNativeTarget "APICoreTests" */ = {
			isa = XCConfigurationList;
			buildConfigurations = (
				B62E83882BAD377300FED650 /* Debug */,
				B62E83892BAD377300FED650 /* Release */,
			);
			defaultConfigurationIsVisible = 0;
			defaultConfigurationName = Release;
		};
/* End XCConfigurationList section */
	};
	rootObject = B62E83692BAD377300FED650 /* Project object */;
}
