// !$*UTF8*$!
{
	archiveVersion = 1;
	classes = {
	};
	objectVersion = 56;
	objects = {

/* Begin PBXBuildFile section */
		94247327C1C07FD69B1948D9 /* Pods_NetworkCore.framework in Frameworks */ = {isa = PBXBuildFile; fileRef = C3908486E5D2A1842BA10AA7 /* Pods_NetworkCore.framework */; };
		B62E82982BAD34D000FED650 /* NetworkCore.framework in Frameworks */ = {isa = PBXBuildFile; fileRef = B62E828F2BAD34D000FED650 /* NetworkCore.framework */; };
		B62E829D2BAD34D000FED650 /* NetworkCoreTests.swift in Sources */ = {isa = PBXBuildFile; fileRef = B62E829C2BAD34D000FED650 /* NetworkCoreTests.swift */; };
		B62E829E2BAD34D000FED650 /* NetworkCore.h in Headers */ = {isa = PBXBuildFile; fileRef = B62E82922BAD34D000FED650 /* NetworkCore.h */; settings = {ATTRIBUTES = (Public, ); }; };
		B62E838B2BAD37B100FED650 /* NetworkCoreConfig.swift in Sources */ = {isa = PBXBuildFile; fileRef = B62E838A2BAD37B100FED650 /* NetworkCoreConfig.swift */; };
		B62E838D2BAD37D400FED650 /* NetworkService.swift in Sources */ = {isa = PBXBuildFile; fileRef = B62E838C2BAD37D400FED650 /* NetworkService.swift */; };
		B62E838F2BAD37FF00FED650 /* NetworkTargetType.swift in Sources */ = {isa = PBXBuildFile; fileRef = B62E838E2BAD37FF00FED650 /* NetworkTargetType.swift */; };
		B62E83912BAD3F9A00FED650 /* NetworkCoreSampleData.swift in Sources */ = {isa = PBXBuildFile; fileRef = B62E83902BAD3F9A00FED650 /* NetworkCoreSampleData.swift */; };
		B68F497F2BAF37EF002655DD /* NetworkCoreData.swift in Sources */ = {isa = PBXBuildFile; fileRef = B68F497E2BAF37EF002655DD /* NetworkCoreData.swift */; };
		B68F49812BAF380B002655DD /* NetworkCoreError.swift in Sources */ = {isa = PBXBuildFile; fileRef = B68F49802BAF380B002655DD /* NetworkCoreError.swift */; };
/* End PBXBuildFile section */

/* Begin PBXContainerItemProxy section */
		B62E82992BAD34D000FED650 /* PBXContainerItemProxy */ = {
			isa = PBXContainerItemProxy;
			containerPortal = B62E82862BAD34D000FED650 /* Project object */;
			proxyType = 1;
			remoteGlobalIDString = B62E828E2BAD34D000FED650;
			remoteInfo = NetworkCore;
		};
/* End PBXContainerItemProxy section */

/* Begin PBXFileReference section */
		116C4C6F04D31340D4B20A2F /* Pods-NetworkCore.debug.xcconfig */ = {isa = PBXFileReference; includeInIndex = 1; lastKnownFileType = text.xcconfig; name = "Pods-NetworkCore.debug.xcconfig"; path = "Target Support Files/Pods-NetworkCore/Pods-NetworkCore.debug.xcconfig"; sourceTree = "<group>"; };
		81F0534B77D82F970DABCE61 /* Pods-NetworkCore.release.xcconfig */ = {isa = PBXFileReference; includeInIndex = 1; lastKnownFileType = text.xcconfig; name = "Pods-NetworkCore.release.xcconfig"; path = "Target Support Files/Pods-NetworkCore/Pods-NetworkCore.release.xcconfig"; sourceTree = "<group>"; };
		B62E828F2BAD34D000FED650 /* NetworkCore.framework */ = {isa = PBXFileReference; explicitFileType = wrapper.framework; includeInIndex = 0; path = NetworkCore.framework; sourceTree = BUILT_PRODUCTS_DIR; };
		B62E82922BAD34D000FED650 /* NetworkCore.h */ = {isa = PBXFileReference; lastKnownFileType = sourcecode.c.h; path = NetworkCore.h; sourceTree = "<group>"; };
		B62E82972BAD34D000FED650 /* NetworkCoreTests.xctest */ = {isa = PBXFileReference; explicitFileType = wrapper.cfbundle; includeInIndex = 0; path = NetworkCoreTests.xctest; sourceTree = BUILT_PRODUCTS_DIR; };
		B62E829C2BAD34D000FED650 /* NetworkCoreTests.swift */ = {isa = PBXFileReference; lastKnownFileType = sourcecode.swift; path = NetworkCoreTests.swift; sourceTree = "<group>"; };
		B62E838A2BAD37B100FED650 /* NetworkCoreConfig.swift */ = {isa = PBXFileReference; lastKnownFileType = sourcecode.swift; path = NetworkCoreConfig.swift; sourceTree = "<group>"; };
		B62E838C2BAD37D400FED650 /* NetworkService.swift */ = {isa = PBXFileReference; lastKnownFileType = sourcecode.swift; path = NetworkService.swift; sourceTree = "<group>"; };
		B62E838E2BAD37FF00FED650 /* NetworkTargetType.swift */ = {isa = PBXFileReference; lastKnownFileType = sourcecode.swift; path = NetworkTargetType.swift; sourceTree = "<group>"; };
		B62E83902BAD3F9A00FED650 /* NetworkCoreSampleData.swift */ = {isa = PBXFileReference; lastKnownFileType = sourcecode.swift; path = NetworkCoreSampleData.swift; sourceTree = "<group>"; };
		B68F497E2BAF37EF002655DD /* NetworkCoreData.swift */ = {isa = PBXFileReference; lastKnownFileType = sourcecode.swift; path = NetworkCoreData.swift; sourceTree = "<group>"; };
		B68F49802BAF380B002655DD /* NetworkCoreError.swift */ = {isa = PBXFileReference; lastKnownFileType = sourcecode.swift; path = NetworkCoreError.swift; sourceTree = "<group>"; };
		C3908486E5D2A1842BA10AA7 /* Pods_NetworkCore.framework */ = {isa = PBXFileReference; explicitFileType = wrapper.framework; includeInIndex = 0; path = Pods_NetworkCore.framework; sourceTree = BUILT_PRODUCTS_DIR; };
/* End PBXFileReference section */

/* Begin PBXFrameworksBuildPhase section */
		B62E828C2BAD34D000FED650 /* Frameworks */ = {
			isa = PBXFrameworksBuildPhase;
			buildActionMask = 2147483647;
			files = (
				94247327C1C07FD69B1948D9 /* Pods_NetworkCore.framework in Frameworks */,
			);
			runOnlyForDeploymentPostprocessing = 0;
		};
		B62E82942BAD34D000FED650 /* Frameworks */ = {
			isa = PBXFrameworksBuildPhase;
			buildActionMask = 2147483647;
			files = (
				B62E82982BAD34D000FED650 /* NetworkCore.framework in Frameworks */,
			);
			runOnlyForDeploymentPostprocessing = 0;
		};
/* End PBXFrameworksBuildPhase section */

/* Begin PBXGroup section */
		6ACEDCD64A42DA7D9CC2BB74 /* Frameworks */ = {
			isa = PBXGroup;
			children = (
				C3908486E5D2A1842BA10AA7 /* Pods_NetworkCore.framework */,
			);
			name = Frameworks;
			sourceTree = "<group>";
		};
		B62E82852BAD34D000FED650 = {
			isa = PBXGroup;
			children = (
				B62E82912BAD34D000FED650 /* NetworkCore */,
				B62E829B2BAD34D000FED650 /* NetworkCoreTests */,
				B62E82902BAD34D000FED650 /* Products */,
				EFEB703D9A6A333CC733305D /* Pods */,
				6ACEDCD64A42DA7D9CC2BB74 /* Frameworks */,
			);
			sourceTree = "<group>";
		};
		B62E82902BAD34D000FED650 /* Products */ = {
			isa = PBXGroup;
			children = (
				B62E828F2BAD34D000FED650 /* NetworkCore.framework */,
				B62E82972BAD34D000FED650 /* NetworkCoreTests.xctest */,
			);
			name = Products;
			sourceTree = "<group>";
		};
		B62E82912BAD34D000FED650 /* NetworkCore */ = {
			isa = PBXGroup;
			children = (
				B62E82922BAD34D000FED650 /* NetworkCore.h */,
				B68F49802BAF380B002655DD /* NetworkCoreError.swift */,
				B62E838A2BAD37B100FED650 /* NetworkCoreConfig.swift */,
				B62E838C2BAD37D400FED650 /* NetworkService.swift */,
				B62E83902BAD3F9A00FED650 /* NetworkCoreSampleData.swift */,
				B62E838E2BAD37FF00FED650 /* NetworkTargetType.swift */,
				B68F497E2BAF37EF002655DD /* NetworkCoreData.swift */,
			);
			path = NetworkCore;
			sourceTree = "<group>";
		};
		B62E829B2BAD34D000FED650 /* NetworkCoreTests */ = {
			isa = PBXGroup;
			children = (
				B62E829C2BAD34D000FED650 /* NetworkCoreTests.swift */,
			);
			path = NetworkCoreTests;
			sourceTree = "<group>";
		};
		EFEB703D9A6A333CC733305D /* Pods */ = {
			isa = PBXGroup;
			children = (
				116C4C6F04D31340D4B20A2F /* Pods-NetworkCore.debug.xcconfig */,
				81F0534B77D82F970DABCE61 /* Pods-NetworkCore.release.xcconfig */,
			);
			name = Pods;
			path = ../../../Pods;
			sourceTree = "<group>";
		};
/* End PBXGroup section */

/* Begin PBXHeadersBuildPhase section */
		B62E828A2BAD34D000FED650 /* Headers */ = {
			isa = PBXHeadersBuildPhase;
			buildActionMask = 2147483647;
			files = (
				B62E829E2BAD34D000FED650 /* NetworkCore.h in Headers */,
			);
			runOnlyForDeploymentPostprocessing = 0;
		};
/* End PBXHeadersBuildPhase section */

/* Begin PBXNativeTarget section */
		B62E828E2BAD34D000FED650 /* NetworkCore */ = {
			isa = PBXNativeTarget;
			buildConfigurationList = B62E82A12BAD34D000FED650 /* Build configuration list for PBXNativeTarget "NetworkCore" */;
			buildPhases = (
				38B0B1B80F12CAA9E2483B38 /* [CP] Check Pods Manifest.lock */,
				B62E828A2BAD34D000FED650 /* Headers */,
				B62E828B2BAD34D000FED650 /* Sources */,
				B62E828C2BAD34D000FED650 /* Frameworks */,
				B62E828D2BAD34D000FED650 /* Resources */,
			);
			buildRules = (
			);
			dependencies = (
			);
			name = NetworkCore;
			productName = NetworkCore;
			productReference = B62E828F2BAD34D000FED650 /* NetworkCore.framework */;
			productType = "com.apple.product-type.framework";
		};
		B62E82962BAD34D000FED650 /* NetworkCoreTests */ = {
			isa = PBXNativeTarget;
			buildConfigurationList = B62E82A42BAD34D000FED650 /* Build configuration list for PBXNativeTarget "NetworkCoreTests" */;
			buildPhases = (
				B62E82932BAD34D000FED650 /* Sources */,
				B62E82942BAD34D000FED650 /* Frameworks */,
				B62E82952BAD34D000FED650 /* Resources */,
			);
			buildRules = (
			);
			dependencies = (
				B62E829A2BAD34D000FED650 /* PBXTargetDependency */,
			);
			name = NetworkCoreTests;
			productName = NetworkCoreTests;
			productReference = B62E82972BAD34D000FED650 /* NetworkCoreTests.xctest */;
			productType = "com.apple.product-type.bundle.unit-test";
		};
/* End PBXNativeTarget section */

/* Begin PBXProject section */
		B62E82862BAD34D000FED650 /* Project object */ = {
			isa = PBXProject;
			attributes = {
				BuildIndependentTargetsInParallel = 1;
				LastSwiftUpdateCheck = 1520;
				LastUpgradeCheck = 1520;
				TargetAttributes = {
					B62E828E2BAD34D000FED650 = {
						CreatedOnToolsVersion = 15.2;
						LastSwiftMigration = 1520;
					};
					B62E82962BAD34D000FED650 = {
						CreatedOnToolsVersion = 15.2;
					};
				};
			};
			buildConfigurationList = B62E82892BAD34D000FED650 /* Build configuration list for PBXProject "NetworkCore" */;
			compatibilityVersion = "Xcode 14.0";
			developmentRegion = en;
			hasScannedForEncodings = 0;
			knownRegions = (
				en,
				Base,
			);
			mainGroup = B62E82852BAD34D000FED650;
			productRefGroup = B62E82902BAD34D000FED650 /* Products */;
			projectDirPath = "";
			projectRoot = "";
			targets = (
				B62E828E2BAD34D000FED650 /* NetworkCore */,
				B62E82962BAD34D000FED650 /* NetworkCoreTests */,
			);
		};
/* End PBXProject section */

/* Begin PBXResourcesBuildPhase section */
		B62E828D2BAD34D000FED650 /* Resources */ = {
			isa = PBXResourcesBuildPhase;
			buildActionMask = 2147483647;
			files = (
			);
			runOnlyForDeploymentPostprocessing = 0;
		};
		B62E82952BAD34D000FED650 /* Resources */ = {
			isa = PBXResourcesBuildPhase;
			buildActionMask = 2147483647;
			files = (
			);
			runOnlyForDeploymentPostprocessing = 0;
		};
/* End PBXResourcesBuildPhase section */

/* Begin PBXShellScriptBuildPhase section */
		38B0B1B80F12CAA9E2483B38 /* [CP] Check Pods Manifest.lock */ = {
			isa = PBXShellScriptBuildPhase;
			buildActionMask = 2147483647;
			files = (
			);
			inputFileListPaths = (
			);
			inputPaths = (
				"${PODS_PODFILE_DIR_PATH}/Podfile.lock",
				"${PODS_ROOT}/Manifest.lock",
			);
			name = "[CP] Check Pods Manifest.lock";
			outputFileListPaths = (
			);
			outputPaths = (
				"$(DERIVED_FILE_DIR)/Pods-NetworkCore-checkManifestLockResult.txt",
			);
			runOnlyForDeploymentPostprocessing = 0;
			shellPath = /bin/sh;
			shellScript = "diff \"${PODS_PODFILE_DIR_PATH}/Podfile.lock\" \"${PODS_ROOT}/Manifest.lock\" > /dev/null\nif [ $? != 0 ] ; then\n    # print error to STDERR\n    echo \"error: The sandbox is not in sync with the Podfile.lock. Run 'pod install' or update your CocoaPods installation.\" >&2\n    exit 1\nfi\n# This output is used by Xcode 'outputs' to avoid re-running this script phase.\necho \"SUCCESS\" > \"${SCRIPT_OUTPUT_FILE_0}\"\n";
			showEnvVarsInLog = 0;
		};
/* End PBXShellScriptBuildPhase section */

/* Begin PBXSourcesBuildPhase section */
		B62E828B2BAD34D000FED650 /* Sources */ = {
			isa = PBXSourcesBuildPhase;
			buildActionMask = 2147483647;
			files = (
				B62E838D2BAD37D400FED650 /* NetworkService.swift in Sources */,
				B62E83912BAD3F9A00FED650 /* NetworkCoreSampleData.swift in Sources */,
				B62E838F2BAD37FF00FED650 /* NetworkTargetType.swift in Sources */,
				B68F497F2BAF37EF002655DD /* NetworkCoreData.swift in Sources */,
				B68F49812BAF380B002655DD /* NetworkCoreError.swift in Sources */,
				B62E838B2BAD37B100FED650 /* NetworkCoreConfig.swift in Sources */,
			);
			runOnlyForDeploymentPostprocessing = 0;
		};
		B62E82932BAD34D000FED650 /* Sources */ = {
			isa = PBXSourcesBuildPhase;
			buildActionMask = 2147483647;
			files = (
				B62E829D2BAD34D000FED650 /* NetworkCoreTests.swift in Sources */,
			);
			runOnlyForDeploymentPostprocessing = 0;
		};
/* End PBXSourcesBuildPhase section */

/* Begin PBXTargetDependency section */
		B62E829A2BAD34D000FED650 /* PBXTargetDependency */ = {
			isa = PBXTargetDependency;
			target = B62E828E2BAD34D000FED650 /* NetworkCore */;
			targetProxy = B62E82992BAD34D000FED650 /* PBXContainerItemProxy */;
		};
/* End PBXTargetDependency section */

/* Begin XCBuildConfiguration section */
		B62E829F2BAD34D000FED650 /* Debug */ = {
			isa = XCBuildConfiguration;
			buildSettings = {
				ALWAYS_SEARCH_USER_PATHS = NO;
				ASSETCATALOG_COMPILER_GENERATE_SWIFT_ASSET_SYMBOL_EXTENSIONS = YES;
				CLANG_ANALYZER_NONNULL = YES;
				CLANG_ANALYZER_NUMBER_OBJECT_CONVERSION = YES_AGGRESSIVE;
				CLANG_CXX_LANGUAGE_STANDARD = "gnu++20";
				CLANG_ENABLE_MODULES = YES;
				CLANG_ENABLE_OBJC_ARC = YES;
				CLANG_ENABLE_OBJC_WEAK = YES;
				CLANG_WARN_BLOCK_CAPTURE_AUTORELEASING = YES;
				CLANG_WARN_BOOL_CONVERSION = YES;
				CLANG_WARN_COMMA = YES;
				CLANG_WARN_CONSTANT_CONVERSION = YES;
				CLANG_WARN_DEPRECATED_OBJC_IMPLEMENTATIONS = YES;
				CLANG_WARN_DIRECT_OBJC_ISA_USAGE = YES_ERROR;
				CLANG_WARN_DOCUMENTATION_COMMENTS = YES;
				CLANG_WARN_EMPTY_BODY = YES;
				CLANG_WARN_ENUM_CONVERSION = YES;
				CLANG_WARN_INFINITE_RECURSION = YES;
				CLANG_WARN_INT_CONVERSION = YES;
				CLANG_WARN_NON_LITERAL_NULL_CONVERSION = YES;
				CLANG_WARN_OBJC_IMPLICIT_RETAIN_SELF = YES;
				CLANG_WARN_OBJC_LITERAL_CONVERSION = YES;
				CLANG_WARN_OBJC_ROOT_CLASS = YES_ERROR;
				CLANG_WARN_QUOTED_INCLUDE_IN_FRAMEWORK_HEADER = YES;
				CLANG_WARN_RANGE_LOOP_ANALYSIS = YES;
				CLANG_WARN_STRICT_PROTOTYPES = YES;
				CLANG_WARN_SUSPICIOUS_MOVE = YES;
				CLANG_WARN_UNGUARDED_AVAILABILITY = YES_AGGRESSIVE;
				CLANG_WARN_UNREACHABLE_CODE = YES;
				CLANG_WARN__DUPLICATE_METHOD_MATCH = YES;
				COPY_PHASE_STRIP = NO;
				CURRENT_PROJECT_VERSION = 1;
				DEBUG_INFORMATION_FORMAT = dwarf;
				ENABLE_STRICT_OBJC_MSGSEND = YES;
				ENABLE_TESTABILITY = YES;
				ENABLE_USER_SCRIPT_SANDBOXING = YES;
				GCC_C_LANGUAGE_STANDARD = gnu17;
				GCC_DYNAMIC_NO_PIC = NO;
				GCC_NO_COMMON_BLOCKS = YES;
				GCC_OPTIMIZATION_LEVEL = 0;
				GCC_PREPROCESSOR_DEFINITIONS = (
					"DEBUG=1",
					"$(inherited)",
				);
				GCC_WARN_64_TO_32_BIT_CONVERSION = YES;
				GCC_WARN_ABOUT_RETURN_TYPE = YES_ERROR;
				GCC_WARN_UNDECLARED_SELECTOR = YES;
				GCC_WARN_UNINITIALIZED_AUTOS = YES_AGGRESSIVE;
				GCC_WARN_UNUSED_FUNCTION = YES;
				GCC_WARN_UNUSED_VARIABLE = YES;
				IPHONEOS_DEPLOYMENT_TARGET = 17.2;
				LOCALIZATION_PREFERS_STRING_CATALOGS = YES;
				MTL_ENABLE_DEBUG_INFO = INCLUDE_SOURCE;
				MTL_FAST_MATH = YES;
				ONLY_ACTIVE_ARCH = YES;
				SDKROOT = iphoneos;
				SWIFT_ACTIVE_COMPILATION_CONDITIONS = "DEBUG $(inherited)";
				SWIFT_OPTIMIZATION_LEVEL = "-Onone";
				VERSIONING_SYSTEM = "apple-generic";
				VERSION_INFO_PREFIX = "";
			};
			name = Debug;
		};
		B62E82A02BAD34D000FED650 /* Release */ = {
			isa = XCBuildConfiguration;
			buildSettings = {
				ALWAYS_SEARCH_USER_PATHS = NO;
				ASSETCATALOG_COMPILER_GENERATE_SWIFT_ASSET_SYMBOL_EXTENSIONS = YES;
				CLANG_ANALYZER_NONNULL = YES;
				CLANG_ANALYZER_NUMBER_OBJECT_CONVERSION = YES_AGGRESSIVE;
				CLANG_CXX_LANGUAGE_STANDARD = "gnu++20";
				CLANG_ENABLE_MODULES = YES;
				CLANG_ENABLE_OBJC_ARC = YES;
				CLANG_ENABLE_OBJC_WEAK = YES;
				CLANG_WARN_BLOCK_CAPTURE_AUTORELEASING = YES;
				CLANG_WARN_BOOL_CONVERSION = YES;
				CLANG_WARN_COMMA = YES;
				CLANG_WARN_CONSTANT_CONVERSION = YES;
				CLANG_WARN_DEPRECATED_OBJC_IMPLEMENTATIONS = YES;
				CLANG_WARN_DIRECT_OBJC_ISA_USAGE = YES_ERROR;
				CLANG_WARN_DOCUMENTATION_COMMENTS = YES;
				CLANG_WARN_EMPTY_BODY = YES;
				CLANG_WARN_ENUM_CONVERSION = YES;
				CLANG_WARN_INFINITE_RECURSION = YES;
				CLANG_WARN_INT_CONVERSION = YES;
				CLANG_WARN_NON_LITERAL_NULL_CONVERSION = YES;
				CLANG_WARN_OBJC_IMPLICIT_RETAIN_SELF = YES;
				CLANG_WARN_OBJC_LITERAL_CONVERSION = YES;
				CLANG_WARN_OBJC_ROOT_CLASS = YES_ERROR;
				CLANG_WARN_QUOTED_INCLUDE_IN_FRAMEWORK_HEADER = YES;
				CLANG_WARN_RANGE_LOOP_ANALYSIS = YES;
				CLANG_WARN_STRICT_PROTOTYPES = YES;
				CLANG_WARN_SUSPICIOUS_MOVE = YES;
				CLANG_WARN_UNGUARDED_AVAILABILITY = YES_AGGRESSIVE;
				CLANG_WARN_UNREACHABLE_CODE = YES;
				CLANG_WARN__DUPLICATE_METHOD_MATCH = YES;
				COPY_PHASE_STRIP = NO;
				CURRENT_PROJECT_VERSION = 1;
				DEBUG_INFORMATION_FORMAT = "dwarf-with-dsym";
				ENABLE_NS_ASSERTIONS = NO;
				ENABLE_STRICT_OBJC_MSGSEND = YES;
				ENABLE_USER_SCRIPT_SANDBOXING = YES;
				GCC_C_LANGUAGE_STANDARD = gnu17;
				GCC_NO_COMMON_BLOCKS = YES;
				GCC_WARN_64_TO_32_BIT_CONVERSION = YES;
				GCC_WARN_ABOUT_RETURN_TYPE = YES_ERROR;
				GCC_WARN_UNDECLARED_SELECTOR = YES;
				GCC_WARN_UNINITIALIZED_AUTOS = YES_AGGRESSIVE;
				GCC_WARN_UNUSED_FUNCTION = YES;
				GCC_WARN_UNUSED_VARIABLE = YES;
				IPHONEOS_DEPLOYMENT_TARGET = 17.2;
				LOCALIZATION_PREFERS_STRING_CATALOGS = YES;
				MTL_ENABLE_DEBUG_INFO = NO;
				MTL_FAST_MATH = YES;
				SDKROOT = iphoneos;
				SWIFT_COMPILATION_MODE = wholemodule;
				VALIDATE_PRODUCT = YES;
				VERSIONING_SYSTEM = "apple-generic";
				VERSION_INFO_PREFIX = "";
			};
			name = Release;
		};
		B62E82A22BAD34D000FED650 /* Debug */ = {
			isa = XCBuildConfiguration;
			baseConfigurationReference = 116C4C6F04D31340D4B20A2F /* Pods-NetworkCore.debug.xcconfig */;
			buildSettings = {
				CLANG_ENABLE_MODULES = YES;
				CODE_SIGN_STYLE = Automatic;
				CURRENT_PROJECT_VERSION = 1;
				DEFINES_MODULE = YES;
				DYLIB_COMPATIBILITY_VERSION = 1;
				DYLIB_CURRENT_VERSION = 1;
				DYLIB_INSTALL_NAME_BASE = "@rpath";
				ENABLE_MODULE_VERIFIER = YES;
				GENERATE_INFOPLIST_FILE = YES;
				INFOPLIST_KEY_NSHumanReadableCopyright = "";
				INSTALL_PATH = "$(LOCAL_LIBRARY_DIR)/Frameworks";
				LD_RUNPATH_SEARCH_PATHS = (
					"$(inherited)",
					"@executable_path/Frameworks",
					"@loader_path/Frameworks",
				);
				MARKETING_VERSION = 1.0;
				MODULE_VERIFIER_SUPPORTED_LANGUAGES = "objective-c objective-c++";
				MODULE_VERIFIER_SUPPORTED_LANGUAGE_STANDARDS = "gnu17 gnu++20";
				PRODUCT_BUNDLE_IDENTIFIER = andres.com.NetworkCore;
				PRODUCT_NAME = "$(TARGET_NAME:c99extidentifier)";
				SKIP_INSTALL = YES;
				SWIFT_EMIT_LOC_STRINGS = YES;
				SWIFT_OPTIMIZATION_LEVEL = "-Onone";
				SWIFT_VERSION = 5.0;
				TARGETED_DEVICE_FAMILY = "1,2";
			};
			name = Debug;
		};
		B62E82A32BAD34D000FED650 /* Release */ = {
			isa = XCBuildConfiguration;
			baseConfigurationReference = 81F0534B77D82F970DABCE61 /* Pods-NetworkCore.release.xcconfig */;
			buildSettings = {
				CLANG_ENABLE_MODULES = YES;
				CODE_SIGN_STYLE = Automatic;
				CURRENT_PROJECT_VERSION = 1;
				DEFINES_MODULE = YES;
				DYLIB_COMPATIBILITY_VERSION = 1;
				DYLIB_CURRENT_VERSION = 1;
				DYLIB_INSTALL_NAME_BASE = "@rpath";
				ENABLE_MODULE_VERIFIER = YES;
				GENERATE_INFOPLIST_FILE = YES;
				INFOPLIST_KEY_NSHumanReadableCopyright = "";
				INSTALL_PATH = "$(LOCAL_LIBRARY_DIR)/Frameworks";
				LD_RUNPATH_SEARCH_PATHS = (
					"$(inherited)",
					"@executable_path/Frameworks",
					"@loader_path/Frameworks",
				);
				MARKETING_VERSION = 1.0;
				MODULE_VERIFIER_SUPPORTED_LANGUAGES = "objective-c objective-c++";
				MODULE_VERIFIER_SUPPORTED_LANGUAGE_STANDARDS = "gnu17 gnu++20";
				PRODUCT_BUNDLE_IDENTIFIER = andres.com.NetworkCore;
				PRODUCT_NAME = "$(TARGET_NAME:c99extidentifier)";
				SKIP_INSTALL = YES;
				SWIFT_EMIT_LOC_STRINGS = YES;
				SWIFT_VERSION = 5.0;
				TARGETED_DEVICE_FAMILY = "1,2";
			};
			name = Release;
		};
		B62E82A52BAD34D000FED650 /* Debug */ = {
			isa = XCBuildConfiguration;
			buildSettings = {
				ALWAYS_EMBED_SWIFT_STANDARD_LIBRARIES = YES;
				CODE_SIGN_STYLE = Automatic;
				CURRENT_PROJECT_VERSION = 1;
				GENERATE_INFOPLIST_FILE = YES;
				MARKETING_VERSION = 1.0;
				PRODUCT_BUNDLE_IDENTIFIER = andres.com.NetworkCoreTests;
				PRODUCT_NAME = "$(TARGET_NAME)";
				SWIFT_EMIT_LOC_STRINGS = NO;
				SWIFT_VERSION = 5.0;
				TARGETED_DEVICE_FAMILY = "1,2";
			};
			name = Debug;
		};
		B62E82A62BAD34D000FED650 /* Release */ = {
			isa = XCBuildConfiguration;
			buildSettings = {
				ALWAYS_EMBED_SWIFT_STANDARD_LIBRARIES = YES;
				CODE_SIGN_STYLE = Automatic;
				CURRENT_PROJECT_VERSION = 1;
				GENERATE_INFOPLIST_FILE = YES;
				MARKETING_VERSION = 1.0;
				PRODUCT_BUNDLE_IDENTIFIER = andres.com.NetworkCoreTests;
				PRODUCT_NAME = "$(TARGET_NAME)";
				SWIFT_EMIT_LOC_STRINGS = NO;
				SWIFT_VERSION = 5.0;
				TARGETED_DEVICE_FAMILY = "1,2";
			};
			name = Release;
		};
/* End XCBuildConfiguration section */

/* Begin XCConfigurationList section */
		B62E82892BAD34D000FED650 /* Build configuration list for PBXProject "NetworkCore" */ = {
			isa = XCConfigurationList;
			buildConfigurations = (
				B62E829F2BAD34D000FED650 /* Debug */,
				B62E82A02BAD34D000FED650 /* Release */,
			);
			defaultConfigurationIsVisible = 0;
			defaultConfigurationName = Release;
		};
		B62E82A12BAD34D000FED650 /* Build configuration list for PBXNativeTarget "NetworkCore" */ = {
			isa = XCConfigurationList;
			buildConfigurations = (
				B62E82A22BAD34D000FED650 /* Debug */,
				B62E82A32BAD34D000FED650 /* Release */,
			);
			defaultConfigurationIsVisible = 0;
			defaultConfigurationName = Release;
		};
		B62E82A42BAD34D000FED650 /* Build configuration list for PBXNativeTarget "NetworkCoreTests" */ = {
			isa = XCConfigurationList;
			buildConfigurations = (
				B62E82A52BAD34D000FED650 /* Debug */,
				B62E82A62BAD34D000FED650 /* Release */,
			);
			defaultConfigurationIsVisible = 0;
			defaultConfigurationName = Release;
		};
/* End XCConfigurationList section */
	};
	rootObject = B62E82862BAD34D000FED650 /* Project object */;
}
