// !$*UTF8*$!
{
	archiveVersion = 1;
	classes = {
	};
	objectVersion = 56;
	objects = {

/* Begin PBXBuildFile section */
		6B0A29F610A915F86B717BA9 /* Pods_UI.framework in Frameworks */ = {isa = PBXBuildFile; fileRef = F1659116AB083B6385C30829 /* Pods_UI.framework */; };
		B62E82E12BAD366000FED650 /* UI.framework in Frameworks */ = {isa = PBXBuildFile; fileRef = B62E82D82BAD366000FED650 /* UI.framework */; };
		B62E82E62BAD366000FED650 /* UITests.swift in Sources */ = {isa = PBXBuildFile; fileRef = B62E82E52BAD366000FED650 /* UITests.swift */; };
		B62E82E72BAD366000FED650 /* UI.h in Headers */ = {isa = PBXBuildFile; fileRef = B62E82DB2BAD366000FED650 /* UI.h */; settings = {ATTRIBUTES = (Public, ); }; };
		B65536702BAF73EF00D4CD5A /* ImageView.swift in Sources */ = {isa = PBXBuildFile; fileRef = B655366F2BAF73EF00D4CD5A /* ImageView.swift */; };
		B69E00762BB114640035179E /* ImageViewData.swift in Sources */ = {isa = PBXBuildFile; fileRef = B69E00752BB114640035179E /* ImageViewData.swift */; };
		B6DD1B382BAF8683002381FD /* Nuke in Frameworks */ = {isa = PBXBuildFile; productRef = B6DD1B372BAF8683002381FD /* Nuke */; };
		B6DD1B3A2BAF8683002381FD /* NukeExtensions in Frameworks */ = {isa = PBXBuildFile; productRef = B6DD1B392BAF8683002381FD /* NukeExtensions */; };
		B6DD1B3C2BAF8683002381FD /* NukeUI in Frameworks */ = {isa = PBXBuildFile; productRef = B6DD1B3B2BAF8683002381FD /* NukeUI */; };
/* End PBXBuildFile section */

/* Begin PBXContainerItemProxy section */
		B62E82E22BAD366000FED650 /* PBXContainerItemProxy */ = {
			isa = PBXContainerItemProxy;
			containerPortal = B62E82CF2BAD366000FED650 /* Project object */;
			proxyType = 1;
			remoteGlobalIDString = B62E82D72BAD366000FED650;
			remoteInfo = UI;
		};
/* End PBXContainerItemProxy section */

/* Begin PBXFileReference section */
		B62E82D82BAD366000FED650 /* UI.framework */ = {isa = PBXFileReference; explicitFileType = wrapper.framework; includeInIndex = 0; path = UI.framework; sourceTree = BUILT_PRODUCTS_DIR; };
		B62E82DB2BAD366000FED650 /* UI.h */ = {isa = PBXFileReference; lastKnownFileType = sourcecode.c.h; path = UI.h; sourceTree = "<group>"; };
		B62E82E02BAD366000FED650 /* UITests.xctest */ = {isa = PBXFileReference; explicitFileType = wrapper.cfbundle; includeInIndex = 0; path = UITests.xctest; sourceTree = BUILT_PRODUCTS_DIR; };
		B62E82E52BAD366000FED650 /* UITests.swift */ = {isa = PBXFileReference; lastKnownFileType = sourcecode.swift; path = UITests.swift; sourceTree = "<group>"; };
		B655366F2BAF73EF00D4CD5A /* ImageView.swift */ = {isa = PBXFileReference; lastKnownFileType = sourcecode.swift; path = ImageView.swift; sourceTree = "<group>"; };
		B69E00752BB114640035179E /* ImageViewData.swift */ = {isa = PBXFileReference; lastKnownFileType = sourcecode.swift; path = ImageViewData.swift; sourceTree = "<group>"; };
		D720E574A662C06970C074A2 /* Pods-UI.release.xcconfig */ = {isa = PBXFileReference; includeInIndex = 1; lastKnownFileType = text.xcconfig; name = "Pods-UI.release.xcconfig"; path = "Target Support Files/Pods-UI/Pods-UI.release.xcconfig"; sourceTree = "<group>"; };
		E459225E8096E6A3D981C01F /* Pods-UI.debug.xcconfig */ = {isa = PBXFileReference; includeInIndex = 1; lastKnownFileType = text.xcconfig; name = "Pods-UI.debug.xcconfig"; path = "Target Support Files/Pods-UI/Pods-UI.debug.xcconfig"; sourceTree = "<group>"; };
		F1659116AB083B6385C30829 /* Pods_UI.framework */ = {isa = PBXFileReference; explicitFileType = wrapper.framework; includeInIndex = 0; path = Pods_UI.framework; sourceTree = BUILT_PRODUCTS_DIR; };
/* End PBXFileReference section */

/* Begin PBXFrameworksBuildPhase section */
		B62E82D52BAD366000FED650 /* Frameworks */ = {
			isa = PBXFrameworksBuildPhase;
			buildActionMask = 2147483647;
			files = (
				6B0A29F610A915F86B717BA9 /* Pods_UI.framework in Frameworks */,
				B6DD1B382BAF8683002381FD /* Nuke in Frameworks */,
				B6DD1B3A2BAF8683002381FD /* NukeExtensions in Frameworks */,
				B6DD1B3C2BAF8683002381FD /* NukeUI in Frameworks */,
			);
			runOnlyForDeploymentPostprocessing = 0;
		};
		B62E82DD2BAD366000FED650 /* Frameworks */ = {
			isa = PBXFrameworksBuildPhase;
			buildActionMask = 2147483647;
			files = (
				B62E82E12BAD366000FED650 /* UI.framework in Frameworks */,
			);
			runOnlyForDeploymentPostprocessing = 0;
		};
/* End PBXFrameworksBuildPhase section */

/* Begin PBXGroup section */
		73809684AC5A88B956974FA4 /* Pods */ = {
			isa = PBXGroup;
			children = (
				E459225E8096E6A3D981C01F /* Pods-UI.debug.xcconfig */,
				D720E574A662C06970C074A2 /* Pods-UI.release.xcconfig */,
			);
			name = Pods;
			path = ../../Pods;
			sourceTree = "<group>";
		};
		9D091253C799EB06C20F996C /* Frameworks */ = {
			isa = PBXGroup;
			children = (
				F1659116AB083B6385C30829 /* Pods_UI.framework */,
			);
			name = Frameworks;
			sourceTree = "<group>";
		};
		B62E82CE2BAD366000FED650 = {
			isa = PBXGroup;
			children = (
				B62E82DA2BAD366000FED650 /* UI */,
				B62E82E42BAD366000FED650 /* UITests */,
				B62E82D92BAD366000FED650 /* Products */,
				73809684AC5A88B956974FA4 /* Pods */,
				9D091253C799EB06C20F996C /* Frameworks */,
			);
			sourceTree = "<group>";
		};
		B62E82D92BAD366000FED650 /* Products */ = {
			isa = PBXGroup;
			children = (
				B62E82D82BAD366000FED650 /* UI.framework */,
				B62E82E02BAD366000FED650 /* UITests.xctest */,
			);
			name = Products;
			sourceTree = "<group>";
		};
		B62E82DA2BAD366000FED650 /* UI */ = {
			isa = PBXGroup;
			children = (
				B655366E2BAF73CE00D4CD5A /* Views */,
				B62E82DB2BAD366000FED650 /* UI.h */,
			);
			path = UI;
			sourceTree = "<group>";
		};
		B62E82E42BAD366000FED650 /* UITests */ = {
			isa = PBXGroup;
			children = (
				B62E82E52BAD366000FED650 /* UITests.swift */,
			);
			path = UITests;
			sourceTree = "<group>";
		};
		B655366E2BAF73CE00D4CD5A /* Views */ = {
			isa = PBXGroup;
			children = (
				B655366F2BAF73EF00D4CD5A /* ImageView.swift */,
				B69E00752BB114640035179E /* ImageViewData.swift */,
			);
			path = Views;
			sourceTree = "<group>";
		};
/* End PBXGroup section */

/* Begin PBXHeadersBuildPhase section */
		B62E82D32BAD366000FED650 /* Headers */ = {
			isa = PBXHeadersBuildPhase;
			buildActionMask = 2147483647;
			files = (
				B62E82E72BAD366000FED650 /* UI.h in Headers */,
			);
			runOnlyForDeploymentPostprocessing = 0;
		};
/* End PBXHeadersBuildPhase section */

/* Begin PBXNativeTarget section */
		B62E82D72BAD366000FED650 /* UI */ = {
			isa = PBXNativeTarget;
			buildConfigurationList = B62E82EA2BAD366000FED650 /* Build configuration list for PBXNativeTarget "UI" */;
			buildPhases = (
				5707D9A4F3D176B930C470C0 /* [CP] Check Pods Manifest.lock */,
				B62E82D32BAD366000FED650 /* Headers */,
				B62E82D42BAD366000FED650 /* Sources */,
				B62E82D52BAD366000FED650 /* Frameworks */,
				B62E82D62BAD366000FED650 /* Resources */,
			);
			buildRules = (
			);
			dependencies = (
			);
			name = UI;
			packageProductDependencies = (
				B6DD1B372BAF8683002381FD /* Nuke */,
				B6DD1B392BAF8683002381FD /* NukeExtensions */,
				B6DD1B3B2BAF8683002381FD /* NukeUI */,
			);
			productName = UI;
			productReference = B62E82D82BAD366000FED650 /* UI.framework */;
			productType = "com.apple.product-type.framework";
		};
		B62E82DF2BAD366000FED650 /* UITests */ = {
			isa = PBXNativeTarget;
			buildConfigurationList = B62E82ED2BAD366000FED650 /* Build configuration list for PBXNativeTarget "UITests" */;
			buildPhases = (
				B62E82DC2BAD366000FED650 /* Sources */,
				B62E82DD2BAD366000FED650 /* Frameworks */,
				B62E82DE2BAD366000FED650 /* Resources */,
			);
			buildRules = (
			);
			dependencies = (
				B62E82E32BAD366000FED650 /* PBXTargetDependency */,
			);
			name = UITests;
			productName = UITests;
			productReference = B62E82E02BAD366000FED650 /* UITests.xctest */;
			productType = "com.apple.product-type.bundle.unit-test";
		};
/* End PBXNativeTarget section */

/* Begin PBXProject section */
		B62E82CF2BAD366000FED650 /* Project object */ = {
			isa = PBXProject;
			attributes = {
				BuildIndependentTargetsInParallel = 1;
				LastSwiftUpdateCheck = 1520;
				LastUpgradeCheck = 1520;
				TargetAttributes = {
					B62E82D72BAD366000FED650 = {
						CreatedOnToolsVersion = 15.2;
						LastSwiftMigration = 1520;
					};
					B62E82DF2BAD366000FED650 = {
						CreatedOnToolsVersion = 15.2;
					};
				};
			};
			buildConfigurationList = B62E82D22BAD366000FED650 /* Build configuration list for PBXProject "UI" */;
			compatibilityVersion = "Xcode 14.0";
			developmentRegion = en;
			hasScannedForEncodings = 0;
			knownRegions = (
				en,
				Base,
			);
			mainGroup = B62E82CE2BAD366000FED650;
			packageReferences = (
				B6DD1B362BAF8683002381FD /* XCRemoteSwiftPackageReference "Nuke" */,
			);
			productRefGroup = B62E82D92BAD366000FED650 /* Products */;
			projectDirPath = "";
			projectRoot = "";
			targets = (
				B62E82D72BAD366000FED650 /* UI */,
				B62E82DF2BAD366000FED650 /* UITests */,
			);
		};
/* End PBXProject section */

/* Begin PBXResourcesBuildPhase section */
		B62E82D62BAD366000FED650 /* Resources */ = {
			isa = PBXResourcesBuildPhase;
			buildActionMask = 2147483647;
			files = (
			);
			runOnlyForDeploymentPostprocessing = 0;
		};
		B62E82DE2BAD366000FED650 /* Resources */ = {
			isa = PBXResourcesBuildPhase;
			buildActionMask = 2147483647;
			files = (
			);
			runOnlyForDeploymentPostprocessing = 0;
		};
/* End PBXResourcesBuildPhase section */

/* Begin PBXShellScriptBuildPhase section */
		5707D9A4F3D176B930C470C0 /* [CP] Check Pods Manifest.lock */ = {
			isa = PBXShellScriptBuildPhase;
			buildActionMask = 2147483647;
			files = (
			);
			inputFileListPaths = (
			);
			inputPaths = (
				"${PODS_PODFILE_DIR_PATH}/Podfile.lock",
				"${PODS_ROOT}/Manifest.lock",
			);
			name = "[CP] Check Pods Manifest.lock";
			outputFileListPaths = (
			);
			outputPaths = (
				"$(DERIVED_FILE_DIR)/Pods-UI-checkManifestLockResult.txt",
			);
			runOnlyForDeploymentPostprocessing = 0;
			shellPath = /bin/sh;
			shellScript = "diff \"${PODS_PODFILE_DIR_PATH}/Podfile.lock\" \"${PODS_ROOT}/Manifest.lock\" > /dev/null\nif [ $? != 0 ] ; then\n    # print error to STDERR\n    echo \"error: The sandbox is not in sync with the Podfile.lock. Run 'pod install' or update your CocoaPods installation.\" >&2\n    exit 1\nfi\n# This output is used by Xcode 'outputs' to avoid re-running this script phase.\necho \"SUCCESS\" > \"${SCRIPT_OUTPUT_FILE_0}\"\n";
			showEnvVarsInLog = 0;
		};
/* End PBXShellScriptBuildPhase section */

/* Begin PBXSourcesBuildPhase section */
		B62E82D42BAD366000FED650 /* Sources */ = {
			isa = PBXSourcesBuildPhase;
			buildActionMask = 2147483647;
			files = (
				B69E00762BB114640035179E /* ImageViewData.swift in Sources */,
				B65536702BAF73EF00D4CD5A /* ImageView.swift in Sources */,
			);
			runOnlyForDeploymentPostprocessing = 0;
		};
		B62E82DC2BAD366000FED650 /* Sources */ = {
			isa = PBXSourcesBuildPhase;
			buildActionMask = 2147483647;
			files = (
				B62E82E62BAD366000FED650 /* UITests.swift in Sources */,
			);
			runOnlyForDeploymentPostprocessing = 0;
		};
/* End PBXSourcesBuildPhase section */

/* Begin PBXTargetDependency section */
		B62E82E32BAD366000FED650 /* PBXTargetDependency */ = {
			isa = PBXTargetDependency;
			target = B62E82D72BAD366000FED650 /* UI */;
			targetProxy = B62E82E22BAD366000FED650 /* PBXContainerItemProxy */;
		};
/* End PBXTargetDependency section */

/* Begin XCBuildConfiguration section */
		B62E82E82BAD366000FED650 /* Debug */ = {
			isa = XCBuildConfiguration;
			buildSettings = {
				ALWAYS_SEARCH_USER_PATHS = NO;
				ASSETCATALOG_COMPILER_GENERATE_SWIFT_ASSET_SYMBOL_EXTENSIONS = YES;
				CLANG_ANALYZER_NONNULL = YES;
				CLANG_ANALYZER_NUMBER_OBJECT_CONVERSION = YES_AGGRESSIVE;
				CLANG_CXX_LANGUAGE_STANDARD = "gnu++20";
				CLANG_ENABLE_MODULES = YES;
				CLANG_ENABLE_OBJC_ARC = YES;
				CLANG_ENABLE_OBJC_WEAK = YES;
				CLANG_WARN_BLOCK_CAPTURE_AUTORELEASING = YES;
				CLANG_WARN_BOOL_CONVERSION = YES;
				CLANG_WARN_COMMA = YES;
				CLANG_WARN_CONSTANT_CONVERSION = YES;
				CLANG_WARN_DEPRECATED_OBJC_IMPLEMENTATIONS = YES;
				CLANG_WARN_DIRECT_OBJC_ISA_USAGE = YES_ERROR;
				CLANG_WARN_DOCUMENTATION_COMMENTS = YES;
				CLANG_WARN_EMPTY_BODY = YES;
				CLANG_WARN_ENUM_CONVERSION = YES;
				CLANG_WARN_INFINITE_RECURSION = YES;
				CLANG_WARN_INT_CONVERSION = YES;
				CLANG_WARN_NON_LITERAL_NULL_CONVERSION = YES;
				CLANG_WARN_OBJC_IMPLICIT_RETAIN_SELF = YES;
				CLANG_WARN_OBJC_LITERAL_CONVERSION = YES;
				CLANG_WARN_OBJC_ROOT_CLASS = YES_ERROR;
				CLANG_WARN_QUOTED_INCLUDE_IN_FRAMEWORK_HEADER = YES;
				CLANG_WARN_RANGE_LOOP_ANALYSIS = YES;
				CLANG_WARN_STRICT_PROTOTYPES = YES;
				CLANG_WARN_SUSPICIOUS_MOVE = YES;
				CLANG_WARN_UNGUARDED_AVAILABILITY = YES_AGGRESSIVE;
				CLANG_WARN_UNREACHABLE_CODE = YES;
				CLANG_WARN__DUPLICATE_METHOD_MATCH = YES;
				COPY_PHASE_STRIP = NO;
				CURRENT_PROJECT_VERSION = 1;
				DEBUG_INFORMATION_FORMAT = dwarf;
				ENABLE_STRICT_OBJC_MSGSEND = YES;
				ENABLE_TESTABILITY = YES;
				ENABLE_USER_SCRIPT_SANDBOXING = YES;
				GCC_C_LANGUAGE_STANDARD = gnu17;
				GCC_DYNAMIC_NO_PIC = NO;
				GCC_NO_COMMON_BLOCKS = YES;
				GCC_OPTIMIZATION_LEVEL = 0;
				GCC_PREPROCESSOR_DEFINITIONS = (
					"DEBUG=1",
					"$(inherited)",
				);
				GCC_WARN_64_TO_32_BIT_CONVERSION = YES;
				GCC_WARN_ABOUT_RETURN_TYPE = YES_ERROR;
				GCC_WARN_UNDECLARED_SELECTOR = YES;
				GCC_WARN_UNINITIALIZED_AUTOS = YES_AGGRESSIVE;
				GCC_WARN_UNUSED_FUNCTION = YES;
				GCC_WARN_UNUSED_VARIABLE = YES;
				IPHONEOS_DEPLOYMENT_TARGET = 17.2;
				LOCALIZATION_PREFERS_STRING_CATALOGS = YES;
				MTL_ENABLE_DEBUG_INFO = INCLUDE_SOURCE;
				MTL_FAST_MATH = YES;
				ONLY_ACTIVE_ARCH = YES;
				SDKROOT = iphoneos;
				SWIFT_ACTIVE_COMPILATION_CONDITIONS = "DEBUG $(inherited)";
				SWIFT_OPTIMIZATION_LEVEL = "-Onone";
				VERSIONING_SYSTEM = "apple-generic";
				VERSION_INFO_PREFIX = "";
			};
			name = Debug;
		};
		B62E82E92BAD366000FED650 /* Release */ = {
			isa = XCBuildConfiguration;
			buildSettings = {
				ALWAYS_SEARCH_USER_PATHS = NO;
				ASSETCATALOG_COMPILER_GENERATE_SWIFT_ASSET_SYMBOL_EXTENSIONS = YES;
				CLANG_ANALYZER_NONNULL = YES;
				CLANG_ANALYZER_NUMBER_OBJECT_CONVERSION = YES_AGGRESSIVE;
				CLANG_CXX_LANGUAGE_STANDARD = "gnu++20";
				CLANG_ENABLE_MODULES = YES;
				CLANG_ENABLE_OBJC_ARC = YES;
				CLANG_ENABLE_OBJC_WEAK = YES;
				CLANG_WARN_BLOCK_CAPTURE_AUTORELEASING = YES;
				CLANG_WARN_BOOL_CONVERSION = YES;
				CLANG_WARN_COMMA = YES;
				CLANG_WARN_CONSTANT_CONVERSION = YES;
				CLANG_WARN_DEPRECATED_OBJC_IMPLEMENTATIONS = YES;
				CLANG_WARN_DIRECT_OBJC_ISA_USAGE = YES_ERROR;
				CLANG_WARN_DOCUMENTATION_COMMENTS = YES;
				CLANG_WARN_EMPTY_BODY = YES;
				CLANG_WARN_ENUM_CONVERSION = YES;
				CLANG_WARN_INFINITE_RECURSION = YES;
				CLANG_WARN_INT_CONVERSION = YES;
				CLANG_WARN_NON_LITERAL_NULL_CONVERSION = YES;
				CLANG_WARN_OBJC_IMPLICIT_RETAIN_SELF = YES;
				CLANG_WARN_OBJC_LITERAL_CONVERSION = YES;
				CLANG_WARN_OBJC_ROOT_CLASS = YES_ERROR;
				CLANG_WARN_QUOTED_INCLUDE_IN_FRAMEWORK_HEADER = YES;
				CLANG_WARN_RANGE_LOOP_ANALYSIS = YES;
				CLANG_WARN_STRICT_PROTOTYPES = YES;
				CLANG_WARN_SUSPICIOUS_MOVE = YES;
				CLANG_WARN_UNGUARDED_AVAILABILITY = YES_AGGRESSIVE;
				CLANG_WARN_UNREACHABLE_CODE = YES;
				CLANG_WARN__DUPLICATE_METHOD_MATCH = YES;
				COPY_PHASE_STRIP = NO;
				CURRENT_PROJECT_VERSION = 1;
				DEBUG_INFORMATION_FORMAT = "dwarf-with-dsym";
				ENABLE_NS_ASSERTIONS = NO;
				ENABLE_STRICT_OBJC_MSGSEND = YES;
				ENABLE_USER_SCRIPT_SANDBOXING = YES;
				GCC_C_LANGUAGE_STANDARD = gnu17;
				GCC_NO_COMMON_BLOCKS = YES;
				GCC_WARN_64_TO_32_BIT_CONVERSION = YES;
				GCC_WARN_ABOUT_RETURN_TYPE = YES_ERROR;
				GCC_WARN_UNDECLARED_SELECTOR = YES;
				GCC_WARN_UNINITIALIZED_AUTOS = YES_AGGRESSIVE;
				GCC_WARN_UNUSED_FUNCTION = YES;
				GCC_WARN_UNUSED_VARIABLE = YES;
				IPHONEOS_DEPLOYMENT_TARGET = 17.2;
				LOCALIZATION_PREFERS_STRING_CATALOGS = YES;
				MTL_ENABLE_DEBUG_INFO = NO;
				MTL_FAST_MATH = YES;
				SDKROOT = iphoneos;
				SWIFT_COMPILATION_MODE = wholemodule;
				VALIDATE_PRODUCT = YES;
				VERSIONING_SYSTEM = "apple-generic";
				VERSION_INFO_PREFIX = "";
			};
			name = Release;
		};
		B62E82EB2BAD366000FED650 /* Debug */ = {
			isa = XCBuildConfiguration;
			baseConfigurationReference = E459225E8096E6A3D981C01F /* Pods-UI.debug.xcconfig */;
			buildSettings = {
				CLANG_ENABLE_MODULES = YES;
				CODE_SIGN_STYLE = Automatic;
				CURRENT_PROJECT_VERSION = 1;
				DEFINES_MODULE = YES;
				DYLIB_COMPATIBILITY_VERSION = 1;
				DYLIB_CURRENT_VERSION = 1;
				DYLIB_INSTALL_NAME_BASE = "@rpath";
				ENABLE_MODULE_VERIFIER = YES;
				GENERATE_INFOPLIST_FILE = YES;
				INFOPLIST_KEY_NSHumanReadableCopyright = "";
				INSTALL_PATH = "$(LOCAL_LIBRARY_DIR)/Frameworks";
				LD_RUNPATH_SEARCH_PATHS = (
					"$(inherited)",
					"@executable_path/Frameworks",
					"@loader_path/Frameworks",
				);
				MARKETING_VERSION = 1.0;
				MODULE_VERIFIER_SUPPORTED_LANGUAGES = "objective-c objective-c++";
				MODULE_VERIFIER_SUPPORTED_LANGUAGE_STANDARDS = "gnu17 gnu++20";
				PRODUCT_BUNDLE_IDENTIFIER = andres.com.UI;
				PRODUCT_NAME = "$(TARGET_NAME:c99extidentifier)";
				SKIP_INSTALL = YES;
				SWIFT_EMIT_LOC_STRINGS = YES;
				SWIFT_OPTIMIZATION_LEVEL = "-Onone";
				SWIFT_VERSION = 5.0;
				TARGETED_DEVICE_FAMILY = "1,2";
			};
			name = Debug;
		};
		B62E82EC2BAD366000FED650 /* Release */ = {
			isa = XCBuildConfiguration;
			baseConfigurationReference = D720E574A662C06970C074A2 /* Pods-UI.release.xcconfig */;
			buildSettings = {
				CLANG_ENABLE_MODULES = YES;
				CODE_SIGN_STYLE = Automatic;
				CURRENT_PROJECT_VERSION = 1;
				DEFINES_MODULE = YES;
				DYLIB_COMPATIBILITY_VERSION = 1;
				DYLIB_CURRENT_VERSION = 1;
				DYLIB_INSTALL_NAME_BASE = "@rpath";
				ENABLE_MODULE_VERIFIER = YES;
				GENERATE_INFOPLIST_FILE = YES;
				INFOPLIST_KEY_NSHumanReadableCopyright = "";
				INSTALL_PATH = "$(LOCAL_LIBRARY_DIR)/Frameworks";
				LD_RUNPATH_SEARCH_PATHS = (
					"$(inherited)",
					"@executable_path/Frameworks",
					"@loader_path/Frameworks",
				);
				MARKETING_VERSION = 1.0;
				MODULE_VERIFIER_SUPPORTED_LANGUAGES = "objective-c objective-c++";
				MODULE_VERIFIER_SUPPORTED_LANGUAGE_STANDARDS = "gnu17 gnu++20";
				PRODUCT_BUNDLE_IDENTIFIER = andres.com.UI;
				PRODUCT_NAME = "$(TARGET_NAME:c99extidentifier)";
				SKIP_INSTALL = YES;
				SWIFT_EMIT_LOC_STRINGS = YES;
				SWIFT_VERSION = 5.0;
				TARGETED_DEVICE_FAMILY = "1,2";
			};
			name = Release;
		};
		B62E82EE2BAD366000FED650 /* Debug */ = {
			isa = XCBuildConfiguration;
			buildSettings = {
				ALWAYS_EMBED_SWIFT_STANDARD_LIBRARIES = YES;
				CODE_SIGN_STYLE = Automatic;
				CURRENT_PROJECT_VERSION = 1;
				GENERATE_INFOPLIST_FILE = YES;
				MARKETING_VERSION = 1.0;
				PRODUCT_BUNDLE_IDENTIFIER = andres.com.UITests;
				PRODUCT_NAME = "$(TARGET_NAME)";
				SWIFT_EMIT_LOC_STRINGS = NO;
				SWIFT_VERSION = 5.0;
				TARGETED_DEVICE_FAMILY = "1,2";
			};
			name = Debug;
		};
		B62E82EF2BAD366000FED650 /* Release */ = {
			isa = XCBuildConfiguration;
			buildSettings = {
				ALWAYS_EMBED_SWIFT_STANDARD_LIBRARIES = YES;
				CODE_SIGN_STYLE = Automatic;
				CURRENT_PROJECT_VERSION = 1;
				GENERATE_INFOPLIST_FILE = YES;
				MARKETING_VERSION = 1.0;
				PRODUCT_BUNDLE_IDENTIFIER = andres.com.UITests;
				PRODUCT_NAME = "$(TARGET_NAME)";
				SWIFT_EMIT_LOC_STRINGS = NO;
				SWIFT_VERSION = 5.0;
				TARGETED_DEVICE_FAMILY = "1,2";
			};
			name = Release;
		};
/* End XCBuildConfiguration section */

/* Begin XCConfigurationList section */
		B62E82D22BAD366000FED650 /* Build configuration list for PBXProject "UI" */ = {
			isa = XCConfigurationList;
			buildConfigurations = (
				B62E82E82BAD366000FED650 /* Debug */,
				B62E82E92BAD366000FED650 /* Release */,
			);
			defaultConfigurationIsVisible = 0;
			defaultConfigurationName = Release;
		};
		B62E82EA2BAD366000FED650 /* Build configuration list for PBXNativeTarget "UI" */ = {
			isa = XCConfigurationList;
			buildConfigurations = (
				B62E82EB2BAD366000FED650 /* Debug */,
				B62E82EC2BAD366000FED650 /* Release */,
			);
			defaultConfigurationIsVisible = 0;
			defaultConfigurationName = Release;
		};
		B62E82ED2BAD366000FED650 /* Build configuration list for PBXNativeTarget "UITests" */ = {
			isa = XCConfigurationList;
			buildConfigurations = (
				B62E82EE2BAD366000FED650 /* Debug */,
				B62E82EF2BAD366000FED650 /* Release */,
			);
			defaultConfigurationIsVisible = 0;
			defaultConfigurationName = Release;
		};
/* End XCConfigurationList section */

/* Begin XCRemoteSwiftPackageReference section */
		B6DD1B362BAF8683002381FD /* XCRemoteSwiftPackageReference "Nuke" */ = {
			isa = XCRemoteSwiftPackageReference;
			repositoryURL = "https://github.com/kean/Nuke?tab=readme-ov-file";
			requirement = {
				kind = upToNextMajorVersion;
				minimumVersion = 12.5.0;
			};
		};
/* End XCRemoteSwiftPackageReference section */

/* Begin XCSwiftPackageProductDependency section */
		B6DD1B372BAF8683002381FD /* Nuke */ = {
			isa = XCSwiftPackageProductDependency;
			package = B6DD1B362BAF8683002381FD /* XCRemoteSwiftPackageReference "Nuke" */;
			productName = Nuke;
		};
		B6DD1B392BAF8683002381FD /* NukeExtensions */ = {
			isa = XCSwiftPackageProductDependency;
			package = B6DD1B362BAF8683002381FD /* XCRemoteSwiftPackageReference "Nuke" */;
			productName = NukeExtensions;
		};
		B6DD1B3B2BAF8683002381FD /* NukeUI */ = {
			isa = XCSwiftPackageProductDependency;
			package = B6DD1B362BAF8683002381FD /* XCRemoteSwiftPackageReference "Nuke" */;
			productName = NukeUI;
		};
/* End XCSwiftPackageProductDependency section */
	};
	rootObject = B62E82CF2BAD366000FED650 /* Project object */;
}
